Microsoft Visual Studio Solution File, Format Version 10.00
# Visual Studio 2008
Project("{8BC9CEB8-8B4A-11D0-8D11-00A0C91BC942}") = "LSAlgorithmsLibrary", "lsalgorithms\lsalgorithmslibrary\LSAlgorithmsLibrary.vcproj", "{D56B57AB-D5BB-44D0-AD23-E3C25D855AA5}"
EndProject
Project("{8BC9CEB8-8B4A-11D0-8D11-00A0C91BC942}") = "ProjectFrameworkLibrary", "projectframework\projectframeworklibrary\ProjectFrameworkLibrary.vcproj", "{78C670AA-AF10-4508-94D7-9FA0D8E2FD09}"
EndProject
Project("{8BC9CEB8-8B4A-11D0-8D11-00A0C91BC942}") = "SpatialMeasurementsLibrary", "spatialmeasurements\SpatialMeasurementsLibrary\SpatialMeasurementsLibrary.vcproj", "{8798B04D-0237-4EFB-9F93-818CA6639FF5}"
EndProject
Project("{8BC9CEB8-8B4A-11D0-8D11-00A0C91BC942}") = "SpatialObjectsLibrary", "spatialobjects\spatialobjectslibrary\SpatialObjectsLibrary.vcproj", "{A6BA25C2-D976-403E-BEDF-CBB51266A987}"
EndProject
Global
	GlobalSection(SolutionConfigurationPlatforms) = preSolution
		Debug|Win32 = Debug|Win32
		Insure|Win32 = Insure|Win32
		Release|Win32 = Release|Win32
	EndGlobalSection
	GlobalSection(ProjectConfigurationPlatforms) = postSolution
		{D56B57AB-D5BB-44D0-AD23-E3C25D855AA5}.Debug|Win32.ActiveCfg = Debug|Win32
		{D56B57AB-D5BB-44D0-AD23-E3C25D855AA5}.Debug|Win32.Build.0 = Debug|Win32
		{D56B57AB-D5BB-44D0-AD23-E3C25D855AA5}.Insure|Win32.ActiveCfg = Insure|Win32
		{D56B57AB-D5BB-44D0-AD23-E3C25D855AA5}.Release|Win32.ActiveCfg = Release|Win32
		{D56B57AB-D5BB-44D0-AD23-E3C25D855AA5}.Release|Win32.Build.0 = Release|Win32
		{78C670AA-AF10-4508-94D7-9FA0D8E2FD09}.Debug|Win32.ActiveCfg = Debug|Win32
		{78C670AA-AF10-4508-94D7-9FA0D8E2FD09}.Debug|Win32.Build.0 = Debug|Win32
		{78C670AA-AF10-4508-94D7-9FA0D8E2FD09}.Insure|Win32.ActiveCfg = Insure|Win32
		{78C670AA-AF10-4508-94D7-9FA0D8E2FD09}.Release|Win32.ActiveCfg = Release|Win32
		{78C670AA-AF10-4508-94D7-9FA0D8E2FD09}.Release|Win32.Build.0 = Release|Win32
		{8798B04D-0237-4EFB-9F93-818CA6639FF5}.Debug|Win32.ActiveCfg = Debug|Win32
		{8798B04D-0237-4EFB-9F93-818CA6639FF5}.Debug|Win32.Build.0 = Debug|Win32
		{8798B04D-0237-4EFB-9F93-818CA6639FF5}.Insure|Win32.ActiveCfg = Insure|Win32
		{8798B04D-0237-4EFB-9F93-818CA6639FF5}.Release|Win32.ActiveCfg = Release|Win32
		{8798B04D-0237-4EFB-9F93-818CA6639FF5}.Release|Win32.Build.0 = Release|Win32
		{A6BA25C2-D976-403E-BEDF-CBB51266A987}.Debug|Win32.ActiveCfg = Debug|Win32
		{A6BA25C2-D976-403E-BEDF-CBB51266A987}.Debug|Win32.Build.0 = Debug|Win32
		{A6BA25C2-D976-403E-BEDF-CBB51266A987}.Insure|Win32.ActiveCfg = Insure|Win32
		{A6BA25C2-D976-403E-BEDF-CBB51266A987}.Release|Win32.ActiveCfg = Release|Win32
		{A6BA25C2-D976-403E-BEDF-CBB51266A987}.Release|Win32.Build.0 = Release|Win32
	EndGlobalSection
	GlobalSection(SolutionProperties) = preSolution
		HideSolutionNode = FALSE
	EndGlobalSection
EndGlobal
