Microsoft Visual Studio Solution File, Format Version 8.00
Project("{8BC9CEB8-8B4A-11D0-8D11-00A0C91BC942}") = "Converters", "Converters.vcproj", "{A7C1A46D-4DC6-4DD7-97C4-16A98474649A}"
	ProjectSection(ProjectDependencies) = postProject
	EndProjectSection
EndProject
Global
	GlobalSection(SolutionConfiguration) = preSolution
		Debug = Debug
		Insure = Insure
		Release = Release
	EndGlobalSection
	GlobalSection(ProjectConfiguration) = postSolution
		{A7C1A46D-4DC6-4DD7-97C4-16A98474649A}.Debug.ActiveCfg = Debug|Win32
		{A7C1A46D-4DC6-4DD7-97C4-16A98474649A}.Debug.Build.0 = Debug|Win32
		{A7C1A46D-4DC6-4DD7-97C4-16A98474649A}.Insure.ActiveCfg = Insure|Win32
		{A7C1A46D-4DC6-4DD7-97C4-16A98474649A}.Insure.Build.0 = Insure|Win32
		{A7C1A46D-4DC6-4DD7-97C4-16A98474649A}.Release.ActiveCfg = Release|Win32
		{A7C1A46D-4DC6-4DD7-97C4-16A98474649A}.Release.Build.0 = Release|Win32
	EndGlobalSection
	GlobalSection(ExtensibilityGlobals) = postSolution
	EndGlobalSection
	GlobalSection(ExtensibilityAddIns) = postSolution
	EndGlobalSection
EndGlobal
