Microsoft Visual Studio Solution File, Format Version 8.00
Project("{8BC9CEB8-8B4A-11D0-8D11-00A0C91BC942}") = "Measurements", "Measurements.vcproj", "{2EEFE7BB-2201-4C1C-8245-5F41528EB1CB}"
	ProjectSection(ProjectDependencies) = postProject
	EndProjectSection
EndProject
Global
	GlobalSection(SolutionConfiguration) = preSolution
		Debug = Debug
		Insure = Insure
		Release = Release
	EndGlobalSection
	GlobalSection(ProjectConfiguration) = postSolution
		{2EEFE7BB-2201-4C1C-8245-5F41528EB1CB}.Debug.ActiveCfg = Debug|Win32
		{2EEFE7BB-2201-4C1C-8245-5F41528EB1CB}.Debug.Build.0 = Debug|Win32
		{2EEFE7BB-2201-4C1C-8245-5F41528EB1CB}.Insure.ActiveCfg = Insure|Win32
		{2EEFE7BB-2201-4C1C-8245-5F41528EB1CB}.Insure.Build.0 = Insure|Win32
		{2EEFE7BB-2201-4C1C-8245-5F41528EB1CB}.Release.ActiveCfg = Release|Win32
		{2EEFE7BB-2201-4C1C-8245-5F41528EB1CB}.Release.Build.0 = Release|Win32
	EndGlobalSection
	GlobalSection(ExtensibilityGlobals) = postSolution
	EndGlobalSection
	GlobalSection(ExtensibilityAddIns) = postSolution
	EndGlobalSection
EndGlobal
