Microsoft Visual Studio Solution File, Format Version 10.00
# Visual Studio 2008
Project("{EAF909A5-FA59-4C3D-9431-0FCC20D5BCF9}") = "ConstraintMeasurements", "ConstraintMeasurements\ConstraintMeasurements.icproj", "{D1EFCAFC-2DE2-4768-A7A8-272BA53667B2}"
EndProject
Project("{EAF909A5-FA59-4C3D-9431-0FCC20D5BCF9}") = "InstrumentStations", "InstrumentStations\InstrumentStations.icproj", "{8F6EF2A6-0096-4659-980E-958F4246FB2B}"
EndProject
Project("{EAF909A5-FA59-4C3D-9431-0FCC20D5BCF9}") = "MeasurementConstants", "MeasurementConstants\MeasurementConstants.icproj", "{17D7156A-E259-4594-957D-89B668D5DEC6}"
EndProject
Project("{EAF909A5-FA59-4C3D-9431-0FCC20D5BCF9}") = "Measurements", "Measurements\Measurements.icproj", "{6633C119-DD37-474C-87B3-FABAEF5F77DE}"
EndProject
Project("{EAF909A5-FA59-4C3D-9431-0FCC20D5BCF9}") = "ROMs", "ROMs\ROMs.icproj", "{3A44FA3A-E57B-4999-854B-A905348844FF}"
EndProject
Project("{EAF909A5-FA59-4C3D-9431-0FCC20D5BCF9}") = "SpatialMeasurementsLibrary", "SpatialMeasurementsLibrary\SpatialMeasurementsLibrary.icproj", "{87345217-AB1D-48A7-982F-0A5D1FD2A4BA}"
	ProjectSection(ProjectDependencies) = postProject
		{3A44FA3A-E57B-4999-854B-A905348844FF} = {3A44FA3A-E57B-4999-854B-A905348844FF}
		{D1EFCAFC-2DE2-4768-A7A8-272BA53667B2} = {D1EFCAFC-2DE2-4768-A7A8-272BA53667B2}
		{17D7156A-E259-4594-957D-89B668D5DEC6} = {17D7156A-E259-4594-957D-89B668D5DEC6}
		{6633C119-DD37-474C-87B3-FABAEF5F77DE} = {6633C119-DD37-474C-87B3-FABAEF5F77DE}
		{8F6EF2A6-0096-4659-980E-958F4246FB2B} = {8F6EF2A6-0096-4659-980E-958F4246FB2B}
	EndProjectSection
EndProject
Project("{EAF909A5-FA59-4C3D-9431-0FCC20D5BCF9}") = "SpatialMeasurementsTest", "SpatialMeasurementsTest\SpatialMeasurementsTest.icproj", "{8F23D7EB-D571-465D-B41E-34392F33A6BD}"
EndProject
Project("{EAF909A5-FA59-4C3D-9431-0FCC20D5BCF9}") = "SpatialMeasurementsDebugLib", "SpatialMeasurementsDebugLib\SpatialMeasurementsDebugLib.icproj", "{F0384846-DAFE-477B-A8E7-2185C8B646CB}"
	ProjectSection(ProjectDependencies) = postProject
		{3A44FA3A-E57B-4999-854B-A905348844FF} = {3A44FA3A-E57B-4999-854B-A905348844FF}
		{D1EFCAFC-2DE2-4768-A7A8-272BA53667B2} = {D1EFCAFC-2DE2-4768-A7A8-272BA53667B2}
		{17D7156A-E259-4594-957D-89B668D5DEC6} = {17D7156A-E259-4594-957D-89B668D5DEC6}
		{6633C119-DD37-474C-87B3-FABAEF5F77DE} = {6633C119-DD37-474C-87B3-FABAEF5F77DE}
		{8F6EF2A6-0096-4659-980E-958F4246FB2B} = {8F6EF2A6-0096-4659-980E-958F4246FB2B}
	EndProjectSection
EndProject
Global
	GlobalSection(SolutionConfigurationPlatforms) = preSolution
		Debug|Win32 = Debug|Win32
		Insure|Win32 = Insure|Win32
		Release|Win32 = Release|Win32
	EndGlobalSection
	GlobalSection(ProjectConfigurationPlatforms) = postSolution
		{D1EFCAFC-2DE2-4768-A7A8-272BA53667B2}.Debug|Win32.ActiveCfg = Debug|Win32
		{D1EFCAFC-2DE2-4768-A7A8-272BA53667B2}.Debug|Win32.Build.0 = Debug|Win32
		{D1EFCAFC-2DE2-4768-A7A8-272BA53667B2}.Insure|Win32.ActiveCfg = Insure|Win32
		{D1EFCAFC-2DE2-4768-A7A8-272BA53667B2}.Insure|Win32.Build.0 = Insure|Win32
		{D1EFCAFC-2DE2-4768-A7A8-272BA53667B2}.Release|Win32.ActiveCfg = Release|Win32
		{D1EFCAFC-2DE2-4768-A7A8-272BA53667B2}.Release|Win32.Build.0 = Release|Win32
		{8F6EF2A6-0096-4659-980E-958F4246FB2B}.Debug|Win32.ActiveCfg = Debug|Win32
		{8F6EF2A6-0096-4659-980E-958F4246FB2B}.Debug|Win32.Build.0 = Debug|Win32
		{8F6EF2A6-0096-4659-980E-958F4246FB2B}.Insure|Win32.ActiveCfg = Insure|Win32
		{8F6EF2A6-0096-4659-980E-958F4246FB2B}.Insure|Win32.Build.0 = Insure|Win32
		{8F6EF2A6-0096-4659-980E-958F4246FB2B}.Release|Win32.ActiveCfg = Release|Win32
		{8F6EF2A6-0096-4659-980E-958F4246FB2B}.Release|Win32.Build.0 = Release|Win32
		{17D7156A-E259-4594-957D-89B668D5DEC6}.Debug|Win32.ActiveCfg = Debug|Win32
		{17D7156A-E259-4594-957D-89B668D5DEC6}.Debug|Win32.Build.0 = Debug|Win32
		{17D7156A-E259-4594-957D-89B668D5DEC6}.Insure|Win32.ActiveCfg = Insure|Win32
		{17D7156A-E259-4594-957D-89B668D5DEC6}.Insure|Win32.Build.0 = Insure|Win32
		{17D7156A-E259-4594-957D-89B668D5DEC6}.Release|Win32.ActiveCfg = Release|Win32
		{17D7156A-E259-4594-957D-89B668D5DEC6}.Release|Win32.Build.0 = Release|Win32
		{6633C119-DD37-474C-87B3-FABAEF5F77DE}.Debug|Win32.ActiveCfg = Debug|Win32
		{6633C119-DD37-474C-87B3-FABAEF5F77DE}.Debug|Win32.Build.0 = Debug|Win32
		{6633C119-DD37-474C-87B3-FABAEF5F77DE}.Insure|Win32.ActiveCfg = Insure|Win32
		{6633C119-DD37-474C-87B3-FABAEF5F77DE}.Insure|Win32.Build.0 = Insure|Win32
		{6633C119-DD37-474C-87B3-FABAEF5F77DE}.Release|Win32.ActiveCfg = Release|Win32
		{6633C119-DD37-474C-87B3-FABAEF5F77DE}.Release|Win32.Build.0 = Release|Win32
		{3A44FA3A-E57B-4999-854B-A905348844FF}.Debug|Win32.ActiveCfg = Debug|Win32
		{3A44FA3A-E57B-4999-854B-A905348844FF}.Debug|Win32.Build.0 = Debug|Win32
		{3A44FA3A-E57B-4999-854B-A905348844FF}.Insure|Win32.ActiveCfg = Insure|Win32
		{3A44FA3A-E57B-4999-854B-A905348844FF}.Insure|Win32.Build.0 = Insure|Win32
		{3A44FA3A-E57B-4999-854B-A905348844FF}.Release|Win32.ActiveCfg = Release|Win32
		{3A44FA3A-E57B-4999-854B-A905348844FF}.Release|Win32.Build.0 = Release|Win32
		{87345217-AB1D-48A7-982F-0A5D1FD2A4BA}.Debug|Win32.ActiveCfg = Debug|Win32
		{87345217-AB1D-48A7-982F-0A5D1FD2A4BA}.Insure|Win32.ActiveCfg = Insure|Win32
		{87345217-AB1D-48A7-982F-0A5D1FD2A4BA}.Insure|Win32.Build.0 = Insure|Win32
		{87345217-AB1D-48A7-982F-0A5D1FD2A4BA}.Release|Win32.ActiveCfg = Release|Win32
		{87345217-AB1D-48A7-982F-0A5D1FD2A4BA}.Release|Win32.Build.0 = Release|Win32
		{8F23D7EB-D571-465D-B41E-34392F33A6BD}.Debug|Win32.ActiveCfg = Debug|Win32
		{8F23D7EB-D571-465D-B41E-34392F33A6BD}.Insure|Win32.ActiveCfg = Insure|Win32
		{8F23D7EB-D571-465D-B41E-34392F33A6BD}.Insure|Win32.Build.0 = Insure|Win32
		{8F23D7EB-D571-465D-B41E-34392F33A6BD}.Release|Win32.ActiveCfg = Release|Win32
		{F0384846-DAFE-477B-A8E7-2185C8B646CB}.Debug|Win32.ActiveCfg = Debug|Win32
		{F0384846-DAFE-477B-A8E7-2185C8B646CB}.Debug|Win32.Build.0 = Debug|Win32
		{F0384846-DAFE-477B-A8E7-2185C8B646CB}.Insure|Win32.ActiveCfg = Release|Win32
		{F0384846-DAFE-477B-A8E7-2185C8B646CB}.Insure|Win32.Build.0 = Release|Win32
		{F0384846-DAFE-477B-A8E7-2185C8B646CB}.Release|Win32.ActiveCfg = Release|Win32
		{AFF3E993-9938-4AB0-BC91-BBE89B5358A9}.Release|Win32.Build.0 = Release|Win32
		{AFF3E993-9938-4AB0-BC91-BBE89B5358A9}.Release|Win32.ActiveCfg = Release|Win32
		{AFF3E993-9938-4AB0-BC91-BBE89B5358A9}.Insure|Win32.Build.0 = Insure|Win32
		{AFF3E993-9938-4AB0-BC91-BBE89B5358A9}.Insure|Win32.ActiveCfg = Insure|Win32
		{AFF3E993-9938-4AB0-BC91-BBE89B5358A9}.Debug|Win32.Build.0 = Debug|Win32
		{AFF3E993-9938-4AB0-BC91-BBE89B5358A9}.Debug|Win32.ActiveCfg = Debug|Win32
		{8AE7DDE7-F4F7-40BC-8BEB-A609907B324F}.Release|Win32.Build.0 = Release|Win32
		{8AE7DDE7-F4F7-40BC-8BEB-A609907B324F}.Release|Win32.ActiveCfg = Release|Win32
		{8AE7DDE7-F4F7-40BC-8BEB-A609907B324F}.Insure|Win32.Build.0 = Insure|Win32
		{8AE7DDE7-F4F7-40BC-8BEB-A609907B324F}.Insure|Win32.ActiveCfg = Insure|Win32
		{8AE7DDE7-F4F7-40BC-8BEB-A609907B324F}.Debug|Win32.Build.0 = Debug|Win32
		{8AE7DDE7-F4F7-40BC-8BEB-A609907B324F}.Debug|Win32.ActiveCfg = Debug|Win32
		{EAD5A5BC-8AD7-4036-9667-92FC0A6C41E1}.Release|Win32.Build.0 = Release|Win32
		{EAD5A5BC-8AD7-4036-9667-92FC0A6C41E1}.Release|Win32.ActiveCfg = Release|Win32
		{EAD5A5BC-8AD7-4036-9667-92FC0A6C41E1}.Insure|Win32.Build.0 = Insure|Win32
		{EAD5A5BC-8AD7-4036-9667-92FC0A6C41E1}.Insure|Win32.ActiveCfg = Insure|Win32
		{EAD5A5BC-8AD7-4036-9667-92FC0A6C41E1}.Debug|Win32.Build.0 = Debug|Win32
		{EAD5A5BC-8AD7-4036-9667-92FC0A6C41E1}.Debug|Win32.ActiveCfg = Debug|Win32
		{4E45CBDA-6835-4656-BC93-53A16B4EC726}.Release|Win32.Build.0 = Release|Win32
		{4E45CBDA-6835-4656-BC93-53A16B4EC726}.Release|Win32.ActiveCfg = Release|Win32
		{4E45CBDA-6835-4656-BC93-53A16B4EC726}.Insure|Win32.Build.0 = Insure|Win32
		{4E45CBDA-6835-4656-BC93-53A16B4EC726}.Insure|Win32.ActiveCfg = Insure|Win32
		{4E45CBDA-6835-4656-BC93-53A16B4EC726}.Debug|Win32.Build.0 = Debug|Win32
		{4E45CBDA-6835-4656-BC93-53A16B4EC726}.Debug|Win32.ActiveCfg = Debug|Win32
		{58945A29-5CCF-4976-B448-B12B56C829CD}.Release|Win32.Build.0 = Release|Win32
		{58945A29-5CCF-4976-B448-B12B56C829CD}.Release|Win32.ActiveCfg = Release|Win32
		{58945A29-5CCF-4976-B448-B12B56C829CD}.Insure|Win32.Build.0 = Insure|Win32
		{58945A29-5CCF-4976-B448-B12B56C829CD}.Insure|Win32.ActiveCfg = Insure|Win32
		{58945A29-5CCF-4976-B448-B12B56C829CD}.Debug|Win32.Build.0 = Debug|Win32
		{58945A29-5CCF-4976-B448-B12B56C829CD}.Debug|Win32.ActiveCfg = Debug|Win32
		{8798B04D-0237-4EFB-9F93-818CA6639FF5}.Release|Win32.Build.0 = Release|Win32
		{8798B04D-0237-4EFB-9F93-818CA6639FF5}.Release|Win32.ActiveCfg = Release|Win32
		{8798B04D-0237-4EFB-9F93-818CA6639FF5}.Insure|Win32.Build.0 = Insure|Win32
		{8798B04D-0237-4EFB-9F93-818CA6639FF5}.Insure|Win32.ActiveCfg = Insure|Win32
		{8798B04D-0237-4EFB-9F93-818CA6639FF5}.Debug|Win32.ActiveCfg = Debug|Win32
		{AC5DBA06-9D46-4C9D-9148-589A9A33DFB1}.Release|Win32.ActiveCfg = Release|Win32
		{AC5DBA06-9D46-4C9D-9148-589A9A33DFB1}.Insure|Win32.Build.0 = Insure|Win32
		{AC5DBA06-9D46-4C9D-9148-589A9A33DFB1}.Insure|Win32.ActiveCfg = Insure|Win32
		{AC5DBA06-9D46-4C9D-9148-589A9A33DFB1}.Debug|Win32.ActiveCfg = Debug|Win32
		{BE4248C2-98D9-4DE4-AD11-9AAC4AD1F606}.Release|Win32.ActiveCfg = Release|Win32
		{BE4248C2-98D9-4DE4-AD11-9AAC4AD1F606}.Insure|Win32.Build.0 = Release|Win32
		{BE4248C2-98D9-4DE4-AD11-9AAC4AD1F606}.Insure|Win32.ActiveCfg = Release|Win32
		{BE4248C2-98D9-4DE4-AD11-9AAC4AD1F606}.Debug|Win32.Build.0 = Debug|Win32
		{BE4248C2-98D9-4DE4-AD11-9AAC4AD1F606}.Debug|Win32.ActiveCfg = Debug|Win32
	EndGlobalSection
	GlobalSection(SolutionProperties) = preSolution
		HideSolutionNode = FALSE
	EndGlobalSection
EndGlobal
