Microsoft Visual Studio Solution File, Format Version 10.00
# Visual Studio 2008
Project("{8BC9CEB8-8B4A-11D0-8D11-00A0C91BC942}") = "ConstraintMeasurements", "ConstraintMeasurements\ConstraintMeasurements.vcproj", "{AFF3E993-9938-4AB0-BC91-BBE89B5358A9}"
EndProject
Project("{8BC9CEB8-8B4A-11D0-8D11-00A0C91BC942}") = "InstrumentStations", "InstrumentStations\InstrumentStations.vcproj", "{8AE7DDE7-F4F7-40BC-8BEB-A609907B324F}"
EndProject
Project("{8BC9CEB8-8B4A-11D0-8D11-00A0C91BC942}") = "MeasurementConstants", "MeasurementConstants\MeasurementConstants.vcproj", "{EAD5A5BC-8AD7-4036-9667-92FC0A6C41E1}"
EndProject
Project("{8BC9CEB8-8B4A-11D0-8D11-00A0C91BC942}") = "Measurements", "Measurements\Measurements.vcproj", "{4E45CBDA-6835-4656-BC93-53A16B4EC726}"
EndProject
Project("{8BC9CEB8-8B4A-11D0-8D11-00A0C91BC942}") = "ROMs", "ROMs\ROMs.vcproj", "{58945A29-5CCF-4976-B448-B12B56C829CD}"
EndProject
Project("{8BC9CEB8-8B4A-11D0-8D11-00A0C91BC942}") = "SpatialMeasurementsLibrary", "SpatialMeasurementsLibrary\SpatialMeasurementsLibrary.vcproj", "{8798B04D-0237-4EFB-9F93-818CA6639FF5}"
	ProjectSection(ProjectDependencies) = postProject
		{58945A29-5CCF-4976-B448-B12B56C829CD} = {58945A29-5CCF-4976-B448-B12B56C829CD}
		{AFF3E993-9938-4AB0-BC91-BBE89B5358A9} = {AFF3E993-9938-4AB0-BC91-BBE89B5358A9}
		{EAD5A5BC-8AD7-4036-9667-92FC0A6C41E1} = {EAD5A5BC-8AD7-4036-9667-92FC0A6C41E1}
		{4E45CBDA-6835-4656-BC93-53A16B4EC726} = {4E45CBDA-6835-4656-BC93-53A16B4EC726}
		{8AE7DDE7-F4F7-40BC-8BEB-A609907B324F} = {8AE7DDE7-F4F7-40BC-8BEB-A609907B324F}
	EndProjectSection
EndProject
Project("{8BC9CEB8-8B4A-11D0-8D11-00A0C91BC942}") = "SpatialMeasurementsTest", "SpatialMeasurementsTest\SpatialMeasurementsTest.vcproj", "{AC5DBA06-9D46-4C9D-9148-589A9A33DFB1}"
EndProject
Project("{8BC9CEB8-8B4A-11D0-8D11-00A0C91BC942}") = "SpatialMeasurementsDebugLib", "SpatialMeasurementsDebugLib\SpatialMeasurementsDebugLib.vcproj", "{BE4248C2-98D9-4DE4-AD11-9AAC4AD1F606}"
	ProjectSection(ProjectDependencies) = postProject
		{58945A29-5CCF-4976-B448-B12B56C829CD} = {58945A29-5CCF-4976-B448-B12B56C829CD}
		{AFF3E993-9938-4AB0-BC91-BBE89B5358A9} = {AFF3E993-9938-4AB0-BC91-BBE89B5358A9}
		{EAD5A5BC-8AD7-4036-9667-92FC0A6C41E1} = {EAD5A5BC-8AD7-4036-9667-92FC0A6C41E1}
		{4E45CBDA-6835-4656-BC93-53A16B4EC726} = {4E45CBDA-6835-4656-BC93-53A16B4EC726}
		{8AE7DDE7-F4F7-40BC-8BEB-A609907B324F} = {8AE7DDE7-F4F7-40BC-8BEB-A609907B324F}
	EndProjectSection
EndProject
Global
	GlobalSection(SolutionConfigurationPlatforms) = preSolution
		Debug|Win32 = Debug|Win32
		Insure|Win32 = Insure|Win32
		Release|Win32 = Release|Win32
	EndGlobalSection
	GlobalSection(ProjectConfigurationPlatforms) = postSolution
		{AFF3E993-9938-4AB0-BC91-BBE89B5358A9}.Debug|Win32.ActiveCfg = Debug|Win32
		{AFF3E993-9938-4AB0-BC91-BBE89B5358A9}.Debug|Win32.Build.0 = Debug|Win32
		{AFF3E993-9938-4AB0-BC91-BBE89B5358A9}.Insure|Win32.ActiveCfg = Insure|Win32
		{AFF3E993-9938-4AB0-BC91-BBE89B5358A9}.Insure|Win32.Build.0 = Insure|Win32
		{AFF3E993-9938-4AB0-BC91-BBE89B5358A9}.Release|Win32.ActiveCfg = Release|Win32
		{AFF3E993-9938-4AB0-BC91-BBE89B5358A9}.Release|Win32.Build.0 = Release|Win32
		{8AE7DDE7-F4F7-40BC-8BEB-A609907B324F}.Debug|Win32.ActiveCfg = Debug|Win32
		{8AE7DDE7-F4F7-40BC-8BEB-A609907B324F}.Debug|Win32.Build.0 = Debug|Win32
		{8AE7DDE7-F4F7-40BC-8BEB-A609907B324F}.Insure|Win32.ActiveCfg = Insure|Win32
		{8AE7DDE7-F4F7-40BC-8BEB-A609907B324F}.Insure|Win32.Build.0 = Insure|Win32
		{8AE7DDE7-F4F7-40BC-8BEB-A609907B324F}.Release|Win32.ActiveCfg = Release|Win32
		{8AE7DDE7-F4F7-40BC-8BEB-A609907B324F}.Release|Win32.Build.0 = Release|Win32
		{EAD5A5BC-8AD7-4036-9667-92FC0A6C41E1}.Debug|Win32.ActiveCfg = Debug|Win32
		{EAD5A5BC-8AD7-4036-9667-92FC0A6C41E1}.Debug|Win32.Build.0 = Debug|Win32
		{EAD5A5BC-8AD7-4036-9667-92FC0A6C41E1}.Insure|Win32.ActiveCfg = Insure|Win32
		{EAD5A5BC-8AD7-4036-9667-92FC0A6C41E1}.Insure|Win32.Build.0 = Insure|Win32
		{EAD5A5BC-8AD7-4036-9667-92FC0A6C41E1}.Release|Win32.ActiveCfg = Release|Win32
		{EAD5A5BC-8AD7-4036-9667-92FC0A6C41E1}.Release|Win32.Build.0 = Release|Win32
		{4E45CBDA-6835-4656-BC93-53A16B4EC726}.Debug|Win32.ActiveCfg = Debug|Win32
		{4E45CBDA-6835-4656-BC93-53A16B4EC726}.Debug|Win32.Build.0 = Debug|Win32
		{4E45CBDA-6835-4656-BC93-53A16B4EC726}.Insure|Win32.ActiveCfg = Insure|Win32
		{4E45CBDA-6835-4656-BC93-53A16B4EC726}.Insure|Win32.Build.0 = Insure|Win32
		{4E45CBDA-6835-4656-BC93-53A16B4EC726}.Release|Win32.ActiveCfg = Release|Win32
		{4E45CBDA-6835-4656-BC93-53A16B4EC726}.Release|Win32.Build.0 = Release|Win32
		{58945A29-5CCF-4976-B448-B12B56C829CD}.Debug|Win32.ActiveCfg = Debug|Win32
		{58945A29-5CCF-4976-B448-B12B56C829CD}.Debug|Win32.Build.0 = Debug|Win32
		{58945A29-5CCF-4976-B448-B12B56C829CD}.Insure|Win32.ActiveCfg = Insure|Win32
		{58945A29-5CCF-4976-B448-B12B56C829CD}.Insure|Win32.Build.0 = Insure|Win32
		{58945A29-5CCF-4976-B448-B12B56C829CD}.Release|Win32.ActiveCfg = Release|Win32
		{58945A29-5CCF-4976-B448-B12B56C829CD}.Release|Win32.Build.0 = Release|Win32
		{8798B04D-0237-4EFB-9F93-818CA6639FF5}.Debug|Win32.ActiveCfg = Debug|Win32
		{8798B04D-0237-4EFB-9F93-818CA6639FF5}.Insure|Win32.ActiveCfg = Insure|Win32
		{8798B04D-0237-4EFB-9F93-818CA6639FF5}.Insure|Win32.Build.0 = Insure|Win32
		{8798B04D-0237-4EFB-9F93-818CA6639FF5}.Release|Win32.ActiveCfg = Release|Win32
		{8798B04D-0237-4EFB-9F93-818CA6639FF5}.Release|Win32.Build.0 = Release|Win32
		{AC5DBA06-9D46-4C9D-9148-589A9A33DFB1}.Debug|Win32.ActiveCfg = Debug|Win32
		{AC5DBA06-9D46-4C9D-9148-589A9A33DFB1}.Insure|Win32.ActiveCfg = Insure|Win32
		{AC5DBA06-9D46-4C9D-9148-589A9A33DFB1}.Insure|Win32.Build.0 = Insure|Win32
		{AC5DBA06-9D46-4C9D-9148-589A9A33DFB1}.Release|Win32.ActiveCfg = Release|Win32
		{BE4248C2-98D9-4DE4-AD11-9AAC4AD1F606}.Debug|Win32.ActiveCfg = Debug|Win32
		{BE4248C2-98D9-4DE4-AD11-9AAC4AD1F606}.Debug|Win32.Build.0 = Debug|Win32
		{BE4248C2-98D9-4DE4-AD11-9AAC4AD1F606}.Insure|Win32.ActiveCfg = Release|Win32
		{BE4248C2-98D9-4DE4-AD11-9AAC4AD1F606}.Insure|Win32.Build.0 = Release|Win32
		{BE4248C2-98D9-4DE4-AD11-9AAC4AD1F606}.Release|Win32.ActiveCfg = Release|Win32
	EndGlobalSection
	GlobalSection(SolutionProperties) = preSolution
		HideSolutionNode = FALSE
	EndGlobalSection
EndGlobal
