Microsoft Visual Studio Solution File, Format Version 10.00
# Visual Studio 2008
Project("{EAF909A5-FA59-4C3D-9431-0FCC20D5BCF9}") = "ConstraintMeasurements", "ConstraintMeasurements\ConstraintMeasurements.icproj", "{D4D524C3-0046-411A-85E1-EE340F1C39D6}"
EndProject
Project("{EAF909A5-FA59-4C3D-9431-0FCC20D5BCF9}") = "InstrumentStations", "InstrumentStations\InstrumentStations.icproj", "{765A20BC-75CB-4D8F-A253-5141CEE89001}"
EndProject
Project("{EAF909A5-FA59-4C3D-9431-0FCC20D5BCF9}") = "MeasurementConstants", "MeasurementConstants\MeasurementConstants.icproj", "{4F880EDA-5BCB-4436-8417-695CBC7E6732}"
EndProject
Project("{EAF909A5-FA59-4C3D-9431-0FCC20D5BCF9}") = "Measurements", "Measurements\Measurements.icproj", "{AD3CF79F-B7C6-4A29-BB2C-BAB26BCB728A}"
EndProject
Project("{EAF909A5-FA59-4C3D-9431-0FCC20D5BCF9}") = "ROMs", "ROMs\ROMs.icproj", "{9EBBD436-E408-47F3-B278-17E653AA964A}"
EndProject
Project("{EAF909A5-FA59-4C3D-9431-0FCC20D5BCF9}") = "SpatialMeasurementsLibrary", "SpatialMeasurementsLibrary\SpatialMeasurementsLibrary.icproj", "{61B5AB69-6C18-4125-8774-9C68FA0EC438}"
	ProjectSection(ProjectDependencies) = postProject
		{9EBBD436-E408-47F3-B278-17E653AA964A} = {9EBBD436-E408-47F3-B278-17E653AA964A}
		{D4D524C3-0046-411A-85E1-EE340F1C39D6} = {D4D524C3-0046-411A-85E1-EE340F1C39D6}
		{4F880EDA-5BCB-4436-8417-695CBC7E6732} = {4F880EDA-5BCB-4436-8417-695CBC7E6732}
		{AD3CF79F-B7C6-4A29-BB2C-BAB26BCB728A} = {AD3CF79F-B7C6-4A29-BB2C-BAB26BCB728A}
		{765A20BC-75CB-4D8F-A253-5141CEE89001} = {765A20BC-75CB-4D8F-A253-5141CEE89001}
	EndProjectSection
EndProject
Project("{EAF909A5-FA59-4C3D-9431-0FCC20D5BCF9}") = "SpatialMeasurementsTest", "SpatialMeasurementsTest\SpatialMeasurementsTest.icproj", "{19DC978A-5A82-496F-89B4-C8E2A15EF5F4}"
EndProject
Project("{EAF909A5-FA59-4C3D-9431-0FCC20D5BCF9}") = "SpatialMeasurementsDebugLib", "SpatialMeasurementsDebugLib\SpatialMeasurementsDebugLib.icproj", "{9E2075BE-EB9A-45BA-83C9-FB802868171C}"
	ProjectSection(ProjectDependencies) = postProject
		{9EBBD436-E408-47F3-B278-17E653AA964A} = {9EBBD436-E408-47F3-B278-17E653AA964A}
		{D4D524C3-0046-411A-85E1-EE340F1C39D6} = {D4D524C3-0046-411A-85E1-EE340F1C39D6}
		{4F880EDA-5BCB-4436-8417-695CBC7E6732} = {4F880EDA-5BCB-4436-8417-695CBC7E6732}
		{AD3CF79F-B7C6-4A29-BB2C-BAB26BCB728A} = {AD3CF79F-B7C6-4A29-BB2C-BAB26BCB728A}
		{765A20BC-75CB-4D8F-A253-5141CEE89001} = {765A20BC-75CB-4D8F-A253-5141CEE89001}
	EndProjectSection
EndProject
Global
	GlobalSection(SolutionConfigurationPlatforms) = preSolution
		Debug|Win32 = Debug|Win32
		Insure|Win32 = Insure|Win32
		Release|Win32 = Release|Win32
	EndGlobalSection
	GlobalSection(ProjectConfigurationPlatforms) = postSolution
		{D4D524C3-0046-411A-85E1-EE340F1C39D6}.Debug|Win32.ActiveCfg = Debug|Win32
		{D4D524C3-0046-411A-85E1-EE340F1C39D6}.Debug|Win32.Build.0 = Debug|Win32
		{D4D524C3-0046-411A-85E1-EE340F1C39D6}.Insure|Win32.ActiveCfg = Insure|Win32
		{D4D524C3-0046-411A-85E1-EE340F1C39D6}.Insure|Win32.Build.0 = Insure|Win32
		{D4D524C3-0046-411A-85E1-EE340F1C39D6}.Release|Win32.ActiveCfg = Release|Win32
		{D4D524C3-0046-411A-85E1-EE340F1C39D6}.Release|Win32.Build.0 = Release|Win32
		{765A20BC-75CB-4D8F-A253-5141CEE89001}.Debug|Win32.ActiveCfg = Debug|Win32
		{765A20BC-75CB-4D8F-A253-5141CEE89001}.Debug|Win32.Build.0 = Debug|Win32
		{765A20BC-75CB-4D8F-A253-5141CEE89001}.Insure|Win32.ActiveCfg = Insure|Win32
		{765A20BC-75CB-4D8F-A253-5141CEE89001}.Insure|Win32.Build.0 = Insure|Win32
		{765A20BC-75CB-4D8F-A253-5141CEE89001}.Release|Win32.ActiveCfg = Release|Win32
		{765A20BC-75CB-4D8F-A253-5141CEE89001}.Release|Win32.Build.0 = Release|Win32
		{4F880EDA-5BCB-4436-8417-695CBC7E6732}.Debug|Win32.ActiveCfg = Debug|Win32
		{4F880EDA-5BCB-4436-8417-695CBC7E6732}.Debug|Win32.Build.0 = Debug|Win32
		{4F880EDA-5BCB-4436-8417-695CBC7E6732}.Insure|Win32.ActiveCfg = Insure|Win32
		{4F880EDA-5BCB-4436-8417-695CBC7E6732}.Insure|Win32.Build.0 = Insure|Win32
		{4F880EDA-5BCB-4436-8417-695CBC7E6732}.Release|Win32.ActiveCfg = Release|Win32
		{4F880EDA-5BCB-4436-8417-695CBC7E6732}.Release|Win32.Build.0 = Release|Win32
		{AD3CF79F-B7C6-4A29-BB2C-BAB26BCB728A}.Debug|Win32.ActiveCfg = Debug|Win32
		{AD3CF79F-B7C6-4A29-BB2C-BAB26BCB728A}.Debug|Win32.Build.0 = Debug|Win32
		{AD3CF79F-B7C6-4A29-BB2C-BAB26BCB728A}.Insure|Win32.ActiveCfg = Insure|Win32
		{AD3CF79F-B7C6-4A29-BB2C-BAB26BCB728A}.Insure|Win32.Build.0 = Insure|Win32
		{AD3CF79F-B7C6-4A29-BB2C-BAB26BCB728A}.Release|Win32.ActiveCfg = Release|Win32
		{AD3CF79F-B7C6-4A29-BB2C-BAB26BCB728A}.Release|Win32.Build.0 = Release|Win32
		{9EBBD436-E408-47F3-B278-17E653AA964A}.Debug|Win32.ActiveCfg = Debug|Win32
		{9EBBD436-E408-47F3-B278-17E653AA964A}.Debug|Win32.Build.0 = Debug|Win32
		{9EBBD436-E408-47F3-B278-17E653AA964A}.Insure|Win32.ActiveCfg = Insure|Win32
		{9EBBD436-E408-47F3-B278-17E653AA964A}.Insure|Win32.Build.0 = Insure|Win32
		{9EBBD436-E408-47F3-B278-17E653AA964A}.Release|Win32.ActiveCfg = Release|Win32
		{9EBBD436-E408-47F3-B278-17E653AA964A}.Release|Win32.Build.0 = Release|Win32
		{61B5AB69-6C18-4125-8774-9C68FA0EC438}.Debug|Win32.ActiveCfg = Debug|Win32
		{61B5AB69-6C18-4125-8774-9C68FA0EC438}.Insure|Win32.ActiveCfg = Insure|Win32
		{61B5AB69-6C18-4125-8774-9C68FA0EC438}.Insure|Win32.Build.0 = Insure|Win32
		{61B5AB69-6C18-4125-8774-9C68FA0EC438}.Release|Win32.ActiveCfg = Release|Win32
		{61B5AB69-6C18-4125-8774-9C68FA0EC438}.Release|Win32.Build.0 = Release|Win32
		{19DC978A-5A82-496F-89B4-C8E2A15EF5F4}.Debug|Win32.ActiveCfg = Debug|Win32
		{19DC978A-5A82-496F-89B4-C8E2A15EF5F4}.Insure|Win32.ActiveCfg = Insure|Win32
		{19DC978A-5A82-496F-89B4-C8E2A15EF5F4}.Insure|Win32.Build.0 = Insure|Win32
		{19DC978A-5A82-496F-89B4-C8E2A15EF5F4}.Release|Win32.ActiveCfg = Release|Win32
		{9E2075BE-EB9A-45BA-83C9-FB802868171C}.Debug|Win32.ActiveCfg = Debug|Win32
		{9E2075BE-EB9A-45BA-83C9-FB802868171C}.Debug|Win32.Build.0 = Debug|Win32
		{9E2075BE-EB9A-45BA-83C9-FB802868171C}.Insure|Win32.ActiveCfg = Release|Win32
		{9E2075BE-EB9A-45BA-83C9-FB802868171C}.Insure|Win32.Build.0 = Release|Win32
		{9E2075BE-EB9A-45BA-83C9-FB802868171C}.Release|Win32.ActiveCfg = Release|Win32
		{AFF3E993-9938-4AB0-BC91-BBE89B5358A9}.Release|Win32.Build.0 = Release|Win32
		{AFF3E993-9938-4AB0-BC91-BBE89B5358A9}.Release|Win32.ActiveCfg = Release|Win32
		{AFF3E993-9938-4AB0-BC91-BBE89B5358A9}.Insure|Win32.Build.0 = Insure|Win32
		{AFF3E993-9938-4AB0-BC91-BBE89B5358A9}.Insure|Win32.ActiveCfg = Insure|Win32
		{AFF3E993-9938-4AB0-BC91-BBE89B5358A9}.Debug|Win32.Build.0 = Debug|Win32
		{AFF3E993-9938-4AB0-BC91-BBE89B5358A9}.Debug|Win32.ActiveCfg = Debug|Win32
		{8AE7DDE7-F4F7-40BC-8BEB-A609907B324F}.Release|Win32.Build.0 = Release|Win32
		{8AE7DDE7-F4F7-40BC-8BEB-A609907B324F}.Release|Win32.ActiveCfg = Release|Win32
		{8AE7DDE7-F4F7-40BC-8BEB-A609907B324F}.Insure|Win32.Build.0 = Insure|Win32
		{8AE7DDE7-F4F7-40BC-8BEB-A609907B324F}.Insure|Win32.ActiveCfg = Insure|Win32
		{8AE7DDE7-F4F7-40BC-8BEB-A609907B324F}.Debug|Win32.Build.0 = Debug|Win32
		{8AE7DDE7-F4F7-40BC-8BEB-A609907B324F}.Debug|Win32.ActiveCfg = Debug|Win32
		{EAD5A5BC-8AD7-4036-9667-92FC0A6C41E1}.Release|Win32.Build.0 = Release|Win32
		{EAD5A5BC-8AD7-4036-9667-92FC0A6C41E1}.Release|Win32.ActiveCfg = Release|Win32
		{EAD5A5BC-8AD7-4036-9667-92FC0A6C41E1}.Insure|Win32.Build.0 = Insure|Win32
		{EAD5A5BC-8AD7-4036-9667-92FC0A6C41E1}.Insure|Win32.ActiveCfg = Insure|Win32
		{EAD5A5BC-8AD7-4036-9667-92FC0A6C41E1}.Debug|Win32.Build.0 = Debug|Win32
		{EAD5A5BC-8AD7-4036-9667-92FC0A6C41E1}.Debug|Win32.ActiveCfg = Debug|Win32
		{4E45CBDA-6835-4656-BC93-53A16B4EC726}.Release|Win32.Build.0 = Release|Win32
		{4E45CBDA-6835-4656-BC93-53A16B4EC726}.Release|Win32.ActiveCfg = Release|Win32
		{4E45CBDA-6835-4656-BC93-53A16B4EC726}.Insure|Win32.Build.0 = Insure|Win32
		{4E45CBDA-6835-4656-BC93-53A16B4EC726}.Insure|Win32.ActiveCfg = Insure|Win32
		{4E45CBDA-6835-4656-BC93-53A16B4EC726}.Debug|Win32.Build.0 = Debug|Win32
		{4E45CBDA-6835-4656-BC93-53A16B4EC726}.Debug|Win32.ActiveCfg = Debug|Win32
		{58945A29-5CCF-4976-B448-B12B56C829CD}.Release|Win32.Build.0 = Release|Win32
		{58945A29-5CCF-4976-B448-B12B56C829CD}.Release|Win32.ActiveCfg = Release|Win32
		{58945A29-5CCF-4976-B448-B12B56C829CD}.Insure|Win32.Build.0 = Insure|Win32
		{58945A29-5CCF-4976-B448-B12B56C829CD}.Insure|Win32.ActiveCfg = Insure|Win32
		{58945A29-5CCF-4976-B448-B12B56C829CD}.Debug|Win32.Build.0 = Debug|Win32
		{58945A29-5CCF-4976-B448-B12B56C829CD}.Debug|Win32.ActiveCfg = Debug|Win32
		{8798B04D-0237-4EFB-9F93-818CA6639FF5}.Release|Win32.Build.0 = Release|Win32
		{8798B04D-0237-4EFB-9F93-818CA6639FF5}.Release|Win32.ActiveCfg = Release|Win32
		{8798B04D-0237-4EFB-9F93-818CA6639FF5}.Insure|Win32.Build.0 = Insure|Win32
		{8798B04D-0237-4EFB-9F93-818CA6639FF5}.Insure|Win32.ActiveCfg = Insure|Win32
		{8798B04D-0237-4EFB-9F93-818CA6639FF5}.Debug|Win32.ActiveCfg = Debug|Win32
		{AC5DBA06-9D46-4C9D-9148-589A9A33DFB1}.Release|Win32.ActiveCfg = Release|Win32
		{AC5DBA06-9D46-4C9D-9148-589A9A33DFB1}.Insure|Win32.Build.0 = Insure|Win32
		{AC5DBA06-9D46-4C9D-9148-589A9A33DFB1}.Insure|Win32.ActiveCfg = Insure|Win32
		{AC5DBA06-9D46-4C9D-9148-589A9A33DFB1}.Debug|Win32.ActiveCfg = Debug|Win32
		{BE4248C2-98D9-4DE4-AD11-9AAC4AD1F606}.Release|Win32.ActiveCfg = Release|Win32
		{BE4248C2-98D9-4DE4-AD11-9AAC4AD1F606}.Insure|Win32.Build.0 = Release|Win32
		{BE4248C2-98D9-4DE4-AD11-9AAC4AD1F606}.Insure|Win32.ActiveCfg = Release|Win32
		{BE4248C2-98D9-4DE4-AD11-9AAC4AD1F606}.Debug|Win32.Build.0 = Debug|Win32
		{BE4248C2-98D9-4DE4-AD11-9AAC4AD1F606}.Debug|Win32.ActiveCfg = Debug|Win32
	EndGlobalSection
	GlobalSection(SolutionProperties) = preSolution
		HideSolutionNode = FALSE
	EndGlobalSection
EndGlobal
