Microsoft Visual Studio Solution File, Format Version 8.00
Project("{8BC9CEB8-8B4A-11D0-8D11-00A0C91BC942}") = "ProjectData", "ProjectData.vcproj", "{D7BB2184-9841-4101-979A-8A3811918180}"
	ProjectSection(ProjectDependencies) = postProject
	EndProjectSection
EndProject
Global
	GlobalSection(SolutionConfiguration) = preSolution
		Debug = Debug
		Insure = Insure
		Release = Release
	EndGlobalSection
	GlobalSection(ProjectConfiguration) = postSolution
		{D7BB2184-9841-4101-979A-8A3811918180}.Debug.ActiveCfg = Debug|Win32
		{D7BB2184-9841-4101-979A-8A3811918180}.Debug.Build.0 = Debug|Win32
		{D7BB2184-9841-4101-979A-8A3811918180}.Insure.ActiveCfg = Insure|Win32
		{D7BB2184-9841-4101-979A-8A3811918180}.Insure.Build.0 = Insure|Win32
		{D7BB2184-9841-4101-979A-8A3811918180}.Release.ActiveCfg = Release|Win32
		{D7BB2184-9841-4101-979A-8A3811918180}.Release.Build.0 = Release|Win32
	EndGlobalSection
	GlobalSection(ExtensibilityGlobals) = postSolution
	EndGlobalSection
	GlobalSection(ExtensibilityAddIns) = postSolution
	EndGlobalSection
EndGlobal
