Microsoft Visual Studio Solution File, Format Version 8.00
Project("{8BC9CEB8-8B4A-11D0-8D11-00A0C91BC942}") = "SpatialObjs", "SpatialObjs.vcproj", "{94F37427-FD30-407E-BD89-639CACD07F2A}"
	ProjectSection(ProjectDependencies) = postProject
	EndProjectSection
EndProject
Global
	GlobalSection(SolutionConfiguration) = preSolution
		Debug = Debug
		Insure = Insure
		Release = Release
	EndGlobalSection
	GlobalSection(ProjectConfiguration) = postSolution
		{94F37427-FD30-407E-BD89-639CACD07F2A}.Debug.ActiveCfg = Debug|Win32
		{94F37427-FD30-407E-BD89-639CACD07F2A}.Debug.Build.0 = Debug|Win32
		{94F37427-FD30-407E-BD89-639CACD07F2A}.Insure.ActiveCfg = Insure|Win32
		{94F37427-FD30-407E-BD89-639CACD07F2A}.Insure.Build.0 = Insure|Win32
		{94F37427-FD30-407E-BD89-639CACD07F2A}.Release.ActiveCfg = Release|Win32
		{94F37427-FD30-407E-BD89-639CACD07F2A}.Release.Build.0 = Release|Win32
	EndGlobalSection
	GlobalSection(ExtensibilityGlobals) = postSolution
	EndGlobalSection
	GlobalSection(ExtensibilityAddIns) = postSolution
	EndGlobalSection
EndGlobal
