Microsoft Visual Studio Solution File, Format Version 8.00
Project("{8BC9CEB8-8B4A-11D0-8D11-00A0C91BC942}") = "ProjectFrameworkLibrary", "ProjectFrameworkLibrary.vcproj", "{CDCE7FC5-1018-4D72-B426-5912F7E6F64C}"
	ProjectSection(ProjectDependencies) = postProject
	EndProjectSection
EndProject
Global
	GlobalSection(SolutionConfiguration) = preSolution
		Debug = Debug
		Insure = Insure
		Release = Release
	EndGlobalSection
	GlobalSection(ProjectConfiguration) = postSolution
		{CDCE7FC5-1018-4D72-B426-5912F7E6F64C}.Debug.ActiveCfg = Debug|Win32
		{CDCE7FC5-1018-4D72-B426-5912F7E6F64C}.Debug.Build.0 = Debug|Win32
		{CDCE7FC5-1018-4D72-B426-5912F7E6F64C}.Insure.ActiveCfg = Insure|Win32
		{CDCE7FC5-1018-4D72-B426-5912F7E6F64C}.Insure.Build.0 = Insure|Win32
		{CDCE7FC5-1018-4D72-B426-5912F7E6F64C}.Release.ActiveCfg = Release|Win32
		{CDCE7FC5-1018-4D72-B426-5912F7E6F64C}.Release.Build.0 = Release|Win32
	EndGlobalSection
	GlobalSection(ExtensibilityGlobals) = postSolution
	EndGlobalSection
	GlobalSection(ExtensibilityAddIns) = postSolution
	EndGlobalSection
EndGlobal
