Microsoft Visual Studio Solution File, Format Version 10.00
# Visual Studio 2008
Project("{EAF909A5-FA59-4C3D-9431-0FCC20D5BCF9}") = "Converters", "Converters\Converters.icproj", "{4301168F-26CF-45DD-9C75-DDA144C02F5F}"
EndProject
Project("{EAF909A5-FA59-4C3D-9431-0FCC20D5BCF9}") = "FiltersAndFormats", "FiltersAndFormats\FiltersAndFormats.icproj", "{9B46A21E-57EC-41A2-B62C-538A214A483F}"
EndProject
Project("{EAF909A5-FA59-4C3D-9431-0FCC20D5BCF9}") = "ProjectData", "ProjectData\ProjectData.icproj", "{5C2B99D9-D34C-4EAE-A03F-D577915E22E4}"
EndProject
Project("{EAF909A5-FA59-4C3D-9431-0FCC20D5BCF9}") = "ProjectFrameworkLibrary", "ProjectFrameworkLibrary\ProjectFrameworkLibrary.icproj", "{3BF10AA9-B1C1-4473-830E-6F84C34246DD}"
	ProjectSection(ProjectDependencies) = postProject
		{9B46A21E-57EC-41A2-B62C-538A214A483F} = {9B46A21E-57EC-41A2-B62C-538A214A483F}
		{BDE7E4A2-8C5B-4064-9D12-156B6BB19CC0} = {BDE7E4A2-8C5B-4064-9D12-156B6BB19CC0}
		{4301168F-26CF-45DD-9C75-DDA144C02F5F} = {4301168F-26CF-45DD-9C75-DDA144C02F5F}
		{5C2B99D9-D34C-4EAE-A03F-D577915E22E4} = {5C2B99D9-D34C-4EAE-A03F-D577915E22E4}
	EndProjectSection
EndProject
Project("{EAF909A5-FA59-4C3D-9431-0FCC20D5BCF9}") = "StreamFormatters", "StreamFormatters\StreamFormatters.icproj", "{BDE7E4A2-8C5B-4064-9D12-156B6BB19CC0}"
EndProject
Project("{EAF909A5-FA59-4C3D-9431-0FCC20D5BCF9}") = "StreamFormattersTest", "StreamFormattersTest\StreamFormattersTest.icproj", "{29E5276E-24D8-477C-B7BC-55868E004633}"
EndProject
Project("{EAF909A5-FA59-4C3D-9431-0FCC20D5BCF9}") = "ProjectFrameworkDebugLib", "ProjectFrameworkDebugLib\ProjectFrameworkDebugLib.icproj", "{452DA534-E19C-4B04-AA57-81592D462A17}"
	ProjectSection(ProjectDependencies) = postProject
		{9B46A21E-57EC-41A2-B62C-538A214A483F} = {9B46A21E-57EC-41A2-B62C-538A214A483F}
		{BDE7E4A2-8C5B-4064-9D12-156B6BB19CC0} = {BDE7E4A2-8C5B-4064-9D12-156B6BB19CC0}
		{4301168F-26CF-45DD-9C75-DDA144C02F5F} = {4301168F-26CF-45DD-9C75-DDA144C02F5F}
		{5C2B99D9-D34C-4EAE-A03F-D577915E22E4} = {5C2B99D9-D34C-4EAE-A03F-D577915E22E4}
	EndProjectSection
EndProject
Global
	GlobalSection(SolutionConfigurationPlatforms) = preSolution
		Debug|Win32 = Debug|Win32
		Insure|Win32 = Insure|Win32
		Release|Win32 = Release|Win32
	EndGlobalSection
	GlobalSection(ProjectConfigurationPlatforms) = postSolution
		{4301168F-26CF-45DD-9C75-DDA144C02F5F}.Debug|Win32.ActiveCfg = Debug|Win32
		{4301168F-26CF-45DD-9C75-DDA144C02F5F}.Debug|Win32.Build.0 = Debug|Win32
		{4301168F-26CF-45DD-9C75-DDA144C02F5F}.Insure|Win32.ActiveCfg = Insure|Win32
		{4301168F-26CF-45DD-9C75-DDA144C02F5F}.Insure|Win32.Build.0 = Insure|Win32
		{4301168F-26CF-45DD-9C75-DDA144C02F5F}.Release|Win32.ActiveCfg = Release|Win32
		{4301168F-26CF-45DD-9C75-DDA144C02F5F}.Release|Win32.Build.0 = Release|Win32
		{9B46A21E-57EC-41A2-B62C-538A214A483F}.Debug|Win32.ActiveCfg = Debug|Win32
		{9B46A21E-57EC-41A2-B62C-538A214A483F}.Debug|Win32.Build.0 = Debug|Win32
		{9B46A21E-57EC-41A2-B62C-538A214A483F}.Insure|Win32.ActiveCfg = Insure|Win32
		{9B46A21E-57EC-41A2-B62C-538A214A483F}.Insure|Win32.Build.0 = Insure|Win32
		{9B46A21E-57EC-41A2-B62C-538A214A483F}.Release|Win32.ActiveCfg = Release|Win32
		{9B46A21E-57EC-41A2-B62C-538A214A483F}.Release|Win32.Build.0 = Release|Win32
		{5C2B99D9-D34C-4EAE-A03F-D577915E22E4}.Debug|Win32.ActiveCfg = Debug|Win32
		{5C2B99D9-D34C-4EAE-A03F-D577915E22E4}.Debug|Win32.Build.0 = Debug|Win32
		{5C2B99D9-D34C-4EAE-A03F-D577915E22E4}.Insure|Win32.ActiveCfg = Insure|Win32
		{5C2B99D9-D34C-4EAE-A03F-D577915E22E4}.Insure|Win32.Build.0 = Insure|Win32
		{5C2B99D9-D34C-4EAE-A03F-D577915E22E4}.Release|Win32.ActiveCfg = Release|Win32
		{5C2B99D9-D34C-4EAE-A03F-D577915E22E4}.Release|Win32.Build.0 = Release|Win32
		{3BF10AA9-B1C1-4473-830E-6F84C34246DD}.Debug|Win32.ActiveCfg = Debug|Win32
		{3BF10AA9-B1C1-4473-830E-6F84C34246DD}.Insure|Win32.ActiveCfg = Insure|Win32
		{3BF10AA9-B1C1-4473-830E-6F84C34246DD}.Insure|Win32.Build.0 = Insure|Win32
		{3BF10AA9-B1C1-4473-830E-6F84C34246DD}.Release|Win32.ActiveCfg = Release|Win32
		{3BF10AA9-B1C1-4473-830E-6F84C34246DD}.Release|Win32.Build.0 = Release|Win32
		{BDE7E4A2-8C5B-4064-9D12-156B6BB19CC0}.Debug|Win32.ActiveCfg = Debug|Win32
		{BDE7E4A2-8C5B-4064-9D12-156B6BB19CC0}.Debug|Win32.Build.0 = Debug|Win32
		{BDE7E4A2-8C5B-4064-9D12-156B6BB19CC0}.Insure|Win32.ActiveCfg = Insure|Win32
		{BDE7E4A2-8C5B-4064-9D12-156B6BB19CC0}.Insure|Win32.Build.0 = Insure|Win32
		{BDE7E4A2-8C5B-4064-9D12-156B6BB19CC0}.Release|Win32.ActiveCfg = Release|Win32
		{BDE7E4A2-8C5B-4064-9D12-156B6BB19CC0}.Release|Win32.Build.0 = Release|Win32
		{29E5276E-24D8-477C-B7BC-55868E004633}.Debug|Win32.ActiveCfg = Debug|Win32
		{29E5276E-24D8-477C-B7BC-55868E004633}.Insure|Win32.ActiveCfg = Debug|Win32
		{29E5276E-24D8-477C-B7BC-55868E004633}.Insure|Win32.Build.0 = Debug|Win32
		{29E5276E-24D8-477C-B7BC-55868E004633}.Release|Win32.ActiveCfg = Release|Win32
		{452DA534-E19C-4B04-AA57-81592D462A17}.Debug|Win32.ActiveCfg = Debug|Win32
		{452DA534-E19C-4B04-AA57-81592D462A17}.Debug|Win32.Build.0 = Debug|Win32
		{452DA534-E19C-4B04-AA57-81592D462A17}.Insure|Win32.ActiveCfg = Release|Win32
		{452DA534-E19C-4B04-AA57-81592D462A17}.Insure|Win32.Build.0 = Release|Win32
		{452DA534-E19C-4B04-AA57-81592D462A17}.Release|Win32.ActiveCfg = Release|Win32
		{6E06A4BD-4D3A-4B44-83D0-F05AB4234EC3}.Release|Win32.Build.0 = Release|Win32
		{6E06A4BD-4D3A-4B44-83D0-F05AB4234EC3}.Release|Win32.ActiveCfg = Release|Win32
		{6E06A4BD-4D3A-4B44-83D0-F05AB4234EC3}.Insure|Win32.Build.0 = Insure|Win32
		{6E06A4BD-4D3A-4B44-83D0-F05AB4234EC3}.Insure|Win32.ActiveCfg = Insure|Win32
		{6E06A4BD-4D3A-4B44-83D0-F05AB4234EC3}.Debug|Win32.Build.0 = Debug|Win32
		{6E06A4BD-4D3A-4B44-83D0-F05AB4234EC3}.Debug|Win32.ActiveCfg = Debug|Win32
		{D3739C15-BE2F-46E5-8D29-FF50D316C068}.Release|Win32.Build.0 = Release|Win32
		{D3739C15-BE2F-46E5-8D29-FF50D316C068}.Release|Win32.ActiveCfg = Release|Win32
		{D3739C15-BE2F-46E5-8D29-FF50D316C068}.Insure|Win32.Build.0 = Insure|Win32
		{D3739C15-BE2F-46E5-8D29-FF50D316C068}.Insure|Win32.ActiveCfg = Insure|Win32
		{D3739C15-BE2F-46E5-8D29-FF50D316C068}.Debug|Win32.Build.0 = Debug|Win32
		{D3739C15-BE2F-46E5-8D29-FF50D316C068}.Debug|Win32.ActiveCfg = Debug|Win32
		{67167DE0-205E-45B5-A9BA-CFC3CEE7BB43}.Release|Win32.Build.0 = Release|Win32
		{67167DE0-205E-45B5-A9BA-CFC3CEE7BB43}.Release|Win32.ActiveCfg = Release|Win32
		{67167DE0-205E-45B5-A9BA-CFC3CEE7BB43}.Insure|Win32.Build.0 = Insure|Win32
		{67167DE0-205E-45B5-A9BA-CFC3CEE7BB43}.Insure|Win32.ActiveCfg = Insure|Win32
		{67167DE0-205E-45B5-A9BA-CFC3CEE7BB43}.Debug|Win32.Build.0 = Debug|Win32
		{67167DE0-205E-45B5-A9BA-CFC3CEE7BB43}.Debug|Win32.ActiveCfg = Debug|Win32
		{78C670AA-AF10-4508-94D7-9FA0D8E2FD09}.Release|Win32.Build.0 = Release|Win32
		{78C670AA-AF10-4508-94D7-9FA0D8E2FD09}.Release|Win32.ActiveCfg = Release|Win32
		{78C670AA-AF10-4508-94D7-9FA0D8E2FD09}.Insure|Win32.Build.0 = Insure|Win32
		{78C670AA-AF10-4508-94D7-9FA0D8E2FD09}.Insure|Win32.ActiveCfg = Insure|Win32
		{78C670AA-AF10-4508-94D7-9FA0D8E2FD09}.Debug|Win32.ActiveCfg = Debug|Win32
		{D89C86AA-DA47-4F33-86FF-BF84E98C6168}.Release|Win32.Build.0 = Release|Win32
		{D89C86AA-DA47-4F33-86FF-BF84E98C6168}.Release|Win32.ActiveCfg = Release|Win32
		{D89C86AA-DA47-4F33-86FF-BF84E98C6168}.Insure|Win32.Build.0 = Insure|Win32
		{D89C86AA-DA47-4F33-86FF-BF84E98C6168}.Insure|Win32.ActiveCfg = Insure|Win32
		{D89C86AA-DA47-4F33-86FF-BF84E98C6168}.Debug|Win32.Build.0 = Debug|Win32
		{D89C86AA-DA47-4F33-86FF-BF84E98C6168}.Debug|Win32.ActiveCfg = Debug|Win32
		{9FA305B9-A12F-47CA-8FA2-05C86E8CB1B1}.Release|Win32.ActiveCfg = Release|Win32
		{9FA305B9-A12F-47CA-8FA2-05C86E8CB1B1}.Insure|Win32.Build.0 = Debug|Win32
		{9FA305B9-A12F-47CA-8FA2-05C86E8CB1B1}.Insure|Win32.ActiveCfg = Debug|Win32
		{9FA305B9-A12F-47CA-8FA2-05C86E8CB1B1}.Debug|Win32.ActiveCfg = Debug|Win32
		{E1705803-D2C4-4190-91AD-7158D7FA0ED4}.Release|Win32.ActiveCfg = Release|Win32
		{E1705803-D2C4-4190-91AD-7158D7FA0ED4}.Insure|Win32.Build.0 = Release|Win32
		{E1705803-D2C4-4190-91AD-7158D7FA0ED4}.Insure|Win32.ActiveCfg = Release|Win32
		{E1705803-D2C4-4190-91AD-7158D7FA0ED4}.Debug|Win32.Build.0 = Debug|Win32
		{E1705803-D2C4-4190-91AD-7158D7FA0ED4}.Debug|Win32.ActiveCfg = Debug|Win32
	EndGlobalSection
	GlobalSection(SolutionProperties) = preSolution
		HideSolutionNode = FALSE
	EndGlobalSection
EndGlobal
