Microsoft Visual Studio Solution File, Format Version 10.00
# Visual Studio 2008
Project("{8BC9CEB8-8B4A-11D0-8D11-00A0C91BC942}") = "CalcElements", "CalcElements\CalcElements.vcproj", "{37B3EE22-9F97-4683-92D3-6EE917F93B40}"
EndProject
Project("{8BC9CEB8-8B4A-11D0-8D11-00A0C91BC942}") = "CalcParams", "CalcParams\CalcParams.vcproj", "{408EF4A9-8BD7-4E46-AAF5-60B87A9EE51D}"
EndProject
Project("{8BC9CEB8-8B4A-11D0-8D11-00A0C91BC942}") = "LSAlgoTests", "LSAlgoTests\LSAlgoTests.vcproj", "{53F86087-1B36-4029-8430-4C3BAD5F28AC}"
EndProject
Project("{8BC9CEB8-8B4A-11D0-8D11-00A0C91BC942}") = "LSAlgorithmsLibrary", "lsalgorithmslibrary\LSAlgorithmsLibrary.vcproj", "{D56B57AB-D5BB-44D0-AD23-E3C25D855AA5}"
	ProjectSection(ProjectDependencies) = postProject
		{37B3EE22-9F97-4683-92D3-6EE917F93B40} = {37B3EE22-9F97-4683-92D3-6EE917F93B40}
		{408EF4A9-8BD7-4E46-AAF5-60B87A9EE51D} = {408EF4A9-8BD7-4E46-AAF5-60B87A9EE51D}
	EndProjectSection
EndProject
Project("{8BC9CEB8-8B4A-11D0-8D11-00A0C91BC942}") = "LSAlgorithmsDebugLib", "LSAlgorithmsDebugLib\LSAlgorithmsDebugLib.vcproj", "{0B8EC44B-6D2A-4863-A5E8-871FB7D71319}"
	ProjectSection(ProjectDependencies) = postProject
		{37B3EE22-9F97-4683-92D3-6EE917F93B40} = {37B3EE22-9F97-4683-92D3-6EE917F93B40}
		{408EF4A9-8BD7-4E46-AAF5-60B87A9EE51D} = {408EF4A9-8BD7-4E46-AAF5-60B87A9EE51D}
	EndProjectSection
EndProject
Global
	GlobalSection(SolutionConfigurationPlatforms) = preSolution
		Debug|Win32 = Debug|Win32
		Insure|Win32 = Insure|Win32
		Release|Win32 = Release|Win32
	EndGlobalSection
	GlobalSection(ProjectConfigurationPlatforms) = postSolution
		{37B3EE22-9F97-4683-92D3-6EE917F93B40}.Debug|Win32.ActiveCfg = Debug|Win32
		{37B3EE22-9F97-4683-92D3-6EE917F93B40}.Debug|Win32.Build.0 = Debug|Win32
		{37B3EE22-9F97-4683-92D3-6EE917F93B40}.Insure|Win32.ActiveCfg = Insure|Win32
		{37B3EE22-9F97-4683-92D3-6EE917F93B40}.Insure|Win32.Build.0 = Insure|Win32
		{37B3EE22-9F97-4683-92D3-6EE917F93B40}.Release|Win32.ActiveCfg = Release|Win32
		{37B3EE22-9F97-4683-92D3-6EE917F93B40}.Release|Win32.Build.0 = Release|Win32
		{408EF4A9-8BD7-4E46-AAF5-60B87A9EE51D}.Debug|Win32.ActiveCfg = Debug|Win32
		{408EF4A9-8BD7-4E46-AAF5-60B87A9EE51D}.Debug|Win32.Build.0 = Debug|Win32
		{408EF4A9-8BD7-4E46-AAF5-60B87A9EE51D}.Insure|Win32.ActiveCfg = Insure|Win32
		{408EF4A9-8BD7-4E46-AAF5-60B87A9EE51D}.Insure|Win32.Build.0 = Insure|Win32
		{408EF4A9-8BD7-4E46-AAF5-60B87A9EE51D}.Release|Win32.ActiveCfg = Release|Win32
		{408EF4A9-8BD7-4E46-AAF5-60B87A9EE51D}.Release|Win32.Build.0 = Release|Win32
		{53F86087-1B36-4029-8430-4C3BAD5F28AC}.Debug|Win32.ActiveCfg = Debug|Win32
		{53F86087-1B36-4029-8430-4C3BAD5F28AC}.Insure|Win32.ActiveCfg = Release|Win32
		{53F86087-1B36-4029-8430-4C3BAD5F28AC}.Insure|Win32.Build.0 = Release|Win32
		{53F86087-1B36-4029-8430-4C3BAD5F28AC}.Release|Win32.ActiveCfg = Release|Win32
		{D56B57AB-D5BB-44D0-AD23-E3C25D855AA5}.Debug|Win32.ActiveCfg = Debug|Win32
		{D56B57AB-D5BB-44D0-AD23-E3C25D855AA5}.Insure|Win32.ActiveCfg = Insure|Win32
		{D56B57AB-D5BB-44D0-AD23-E3C25D855AA5}.Insure|Win32.Build.0 = Insure|Win32
		{D56B57AB-D5BB-44D0-AD23-E3C25D855AA5}.Release|Win32.ActiveCfg = Release|Win32
		{D56B57AB-D5BB-44D0-AD23-E3C25D855AA5}.Release|Win32.Build.0 = Release|Win32
		{0B8EC44B-6D2A-4863-A5E8-871FB7D71319}.Debug|Win32.ActiveCfg = Debug|Win32
		{0B8EC44B-6D2A-4863-A5E8-871FB7D71319}.Debug|Win32.Build.0 = Debug|Win32
		{0B8EC44B-6D2A-4863-A5E8-871FB7D71319}.Insure|Win32.ActiveCfg = Release|Win32
		{0B8EC44B-6D2A-4863-A5E8-871FB7D71319}.Insure|Win32.Build.0 = Release|Win32
		{0B8EC44B-6D2A-4863-A5E8-871FB7D71319}.Release|Win32.ActiveCfg = Release|Win32
	EndGlobalSection
	GlobalSection(SolutionProperties) = preSolution
		HideSolutionNode = FALSE
	EndGlobalSection
EndGlobal
