Microsoft Visual Studio Solution File, Format Version 10.00
# Visual Studio 2008
Project("{EAF909A5-FA59-4C3D-9431-0FCC20D5BCF9}") = "CalcElements", "CalcElements\CalcElements.icproj", "{910320B4-D164-4769-B45A-827DD887169C}"
EndProject
Project("{EAF909A5-FA59-4C3D-9431-0FCC20D5BCF9}") = "CalcParams", "CalcParams\CalcParams.icproj", "{D981C788-E385-43A2-A515-ABD3F30B69AF}"
EndProject
Project("{EAF909A5-FA59-4C3D-9431-0FCC20D5BCF9}") = "LSAlgoTests", "LSAlgoTests\LSAlgoTests.icproj", "{BD8A1445-05D8-4206-89F8-70B519B38F33}"
EndProject
Project("{EAF909A5-FA59-4C3D-9431-0FCC20D5BCF9}") = "LSAlgorithmsLibrary", "lsalgorithmslibrary\LSAlgorithmsLibrary.icproj", "{AE9A44B5-0784-46A9-B036-0B98CFED12DF}"
	ProjectSection(ProjectDependencies) = postProject
		{910320B4-D164-4769-B45A-827DD887169C} = {910320B4-D164-4769-B45A-827DD887169C}
		{D981C788-E385-43A2-A515-ABD3F30B69AF} = {D981C788-E385-43A2-A515-ABD3F30B69AF}
	EndProjectSection
EndProject
Project("{EAF909A5-FA59-4C3D-9431-0FCC20D5BCF9}") = "LSAlgorithmsDebugLib", "LSAlgorithmsDebugLib\LSAlgorithmsDebugLib.icproj", "{9529EDEA-D0B6-4F3B-8848-F10BA1CCDC8D}"
	ProjectSection(ProjectDependencies) = postProject
		{910320B4-D164-4769-B45A-827DD887169C} = {910320B4-D164-4769-B45A-827DD887169C}
		{D981C788-E385-43A2-A515-ABD3F30B69AF} = {D981C788-E385-43A2-A515-ABD3F30B69AF}
	EndProjectSection
EndProject
Global
	GlobalSection(SolutionConfigurationPlatforms) = preSolution
		Debug|Win32 = Debug|Win32
		Insure|Win32 = Insure|Win32
		Release|Win32 = Release|Win32
	EndGlobalSection
	GlobalSection(ProjectConfigurationPlatforms) = postSolution
		{910320B4-D164-4769-B45A-827DD887169C}.Debug|Win32.ActiveCfg = Debug|Win32
		{910320B4-D164-4769-B45A-827DD887169C}.Debug|Win32.Build.0 = Debug|Win32
		{910320B4-D164-4769-B45A-827DD887169C}.Insure|Win32.ActiveCfg = Insure|Win32
		{910320B4-D164-4769-B45A-827DD887169C}.Insure|Win32.Build.0 = Insure|Win32
		{910320B4-D164-4769-B45A-827DD887169C}.Release|Win32.ActiveCfg = Release|Win32
		{910320B4-D164-4769-B45A-827DD887169C}.Release|Win32.Build.0 = Release|Win32
		{D981C788-E385-43A2-A515-ABD3F30B69AF}.Debug|Win32.ActiveCfg = Debug|Win32
		{D981C788-E385-43A2-A515-ABD3F30B69AF}.Debug|Win32.Build.0 = Debug|Win32
		{D981C788-E385-43A2-A515-ABD3F30B69AF}.Insure|Win32.ActiveCfg = Insure|Win32
		{D981C788-E385-43A2-A515-ABD3F30B69AF}.Insure|Win32.Build.0 = Insure|Win32
		{D981C788-E385-43A2-A515-ABD3F30B69AF}.Release|Win32.ActiveCfg = Release|Win32
		{D981C788-E385-43A2-A515-ABD3F30B69AF}.Release|Win32.Build.0 = Release|Win32
		{BD8A1445-05D8-4206-89F8-70B519B38F33}.Debug|Win32.ActiveCfg = Debug|Win32
		{BD8A1445-05D8-4206-89F8-70B519B38F33}.Insure|Win32.ActiveCfg = Release|Win32
		{BD8A1445-05D8-4206-89F8-70B519B38F33}.Insure|Win32.Build.0 = Release|Win32
		{BD8A1445-05D8-4206-89F8-70B519B38F33}.Release|Win32.ActiveCfg = Release|Win32
		{AE9A44B5-0784-46A9-B036-0B98CFED12DF}.Debug|Win32.ActiveCfg = Debug|Win32
		{AE9A44B5-0784-46A9-B036-0B98CFED12DF}.Insure|Win32.ActiveCfg = Insure|Win32
		{AE9A44B5-0784-46A9-B036-0B98CFED12DF}.Insure|Win32.Build.0 = Insure|Win32
		{AE9A44B5-0784-46A9-B036-0B98CFED12DF}.Release|Win32.ActiveCfg = Release|Win32
		{AE9A44B5-0784-46A9-B036-0B98CFED12DF}.Release|Win32.Build.0 = Release|Win32
		{9529EDEA-D0B6-4F3B-8848-F10BA1CCDC8D}.Debug|Win32.ActiveCfg = Debug|Win32
		{9529EDEA-D0B6-4F3B-8848-F10BA1CCDC8D}.Debug|Win32.Build.0 = Debug|Win32
		{9529EDEA-D0B6-4F3B-8848-F10BA1CCDC8D}.Insure|Win32.ActiveCfg = Release|Win32
		{9529EDEA-D0B6-4F3B-8848-F10BA1CCDC8D}.Insure|Win32.Build.0 = Release|Win32
		{9529EDEA-D0B6-4F3B-8848-F10BA1CCDC8D}.Release|Win32.ActiveCfg = Release|Win32
		{37B3EE22-9F97-4683-92D3-6EE917F93B40}.Release|Win32.Build.0 = Release|Win32
		{37B3EE22-9F97-4683-92D3-6EE917F93B40}.Release|Win32.ActiveCfg = Release|Win32
		{37B3EE22-9F97-4683-92D3-6EE917F93B40}.Insure|Win32.Build.0 = Insure|Win32
		{37B3EE22-9F97-4683-92D3-6EE917F93B40}.Insure|Win32.ActiveCfg = Insure|Win32
		{37B3EE22-9F97-4683-92D3-6EE917F93B40}.Debug|Win32.Build.0 = Debug|Win32
		{37B3EE22-9F97-4683-92D3-6EE917F93B40}.Debug|Win32.ActiveCfg = Debug|Win32
		{408EF4A9-8BD7-4E46-AAF5-60B87A9EE51D}.Release|Win32.Build.0 = Release|Win32
		{408EF4A9-8BD7-4E46-AAF5-60B87A9EE51D}.Release|Win32.ActiveCfg = Release|Win32
		{408EF4A9-8BD7-4E46-AAF5-60B87A9EE51D}.Insure|Win32.Build.0 = Insure|Win32
		{408EF4A9-8BD7-4E46-AAF5-60B87A9EE51D}.Insure|Win32.ActiveCfg = Insure|Win32
		{408EF4A9-8BD7-4E46-AAF5-60B87A9EE51D}.Debug|Win32.Build.0 = Debug|Win32
		{408EF4A9-8BD7-4E46-AAF5-60B87A9EE51D}.Debug|Win32.ActiveCfg = Debug|Win32
		{53F86087-1B36-4029-8430-4C3BAD5F28AC}.Release|Win32.ActiveCfg = Release|Win32
		{53F86087-1B36-4029-8430-4C3BAD5F28AC}.Insure|Win32.Build.0 = Release|Win32
		{53F86087-1B36-4029-8430-4C3BAD5F28AC}.Insure|Win32.ActiveCfg = Release|Win32
		{53F86087-1B36-4029-8430-4C3BAD5F28AC}.Debug|Win32.ActiveCfg = Debug|Win32
		{D56B57AB-D5BB-44D0-AD23-E3C25D855AA5}.Release|Win32.Build.0 = Release|Win32
		{D56B57AB-D5BB-44D0-AD23-E3C25D855AA5}.Release|Win32.ActiveCfg = Release|Win32
		{D56B57AB-D5BB-44D0-AD23-E3C25D855AA5}.Insure|Win32.Build.0 = Insure|Win32
		{D56B57AB-D5BB-44D0-AD23-E3C25D855AA5}.Insure|Win32.ActiveCfg = Insure|Win32
		{D56B57AB-D5BB-44D0-AD23-E3C25D855AA5}.Debug|Win32.ActiveCfg = Debug|Win32
		{0B8EC44B-6D2A-4863-A5E8-871FB7D71319}.Release|Win32.ActiveCfg = Release|Win32
		{0B8EC44B-6D2A-4863-A5E8-871FB7D71319}.Insure|Win32.Build.0 = Release|Win32
		{0B8EC44B-6D2A-4863-A5E8-871FB7D71319}.Insure|Win32.ActiveCfg = Release|Win32
		{0B8EC44B-6D2A-4863-A5E8-871FB7D71319}.Debug|Win32.Build.0 = Debug|Win32
		{0B8EC44B-6D2A-4863-A5E8-871FB7D71319}.Debug|Win32.ActiveCfg = Debug|Win32
	EndGlobalSection
	GlobalSection(SolutionProperties) = preSolution
		HideSolutionNode = FALSE
	EndGlobalSection
EndGlobal
