Microsoft Visual Studio Solution File, Format Version 8.00
Project("{8BC9CEB8-8B4A-11D0-8D11-00A0C91BC942}") = "CalcElements", "CalcElements\CalcElements.vcproj", "{37B3EE22-9F97-4683-92D3-6EE917F93B40}"
	ProjectSection(ProjectDependencies) = postProject
	EndProjectSection
EndProject
Project("{8BC9CEB8-8B4A-11D0-8D11-00A0C91BC942}") = "CalcParams", "CalcParams\CalcParams.vcproj", "{408EF4A9-8BD7-4E46-AAF5-60B87A9EE51D}"
	ProjectSection(ProjectDependencies) = postProject
	EndProjectSection
EndProject
Project("{8BC9CEB8-8B4A-11D0-8D11-00A0C91BC942}") = "LSAlgoTests", "LSAlgoTests\LSAlgoTests.vcproj", "{53F86087-1B36-4029-8430-4C3BAD5F28AC}"
	ProjectSection(ProjectDependencies) = postProject
	EndProjectSection
EndProject
Project("{8BC9CEB8-8B4A-11D0-8D11-00A0C91BC942}") = "LSAlgorithmsLibrary", "lsalgorithmslibrary\LSAlgorithmsLibrary.vcproj", "{D56B57AB-D5BB-44D0-AD23-E3C25D855AA5}"
	ProjectSection(ProjectDependencies) = postProject
		{37B3EE22-9F97-4683-92D3-6EE917F93B40} = {37B3EE22-9F97-4683-92D3-6EE917F93B40}
		{408EF4A9-8BD7-4E46-AAF5-60B87A9EE51D} = {408EF4A9-8BD7-4E46-AAF5-60B87A9EE51D}
	EndProjectSection
EndProject
Project("{8BC9CEB8-8B4A-11D0-8D11-00A0C91BC942}") = "LSAlgorithmsDebugLib", "LSAlgorithmsDebugLib\LSAlgorithmsDebugLib.vcproj", "{0B8EC44B-6D2A-4863-A5E8-871FB7D71319}"
	ProjectSection(ProjectDependencies) = postProject
		{37B3EE22-9F97-4683-92D3-6EE917F93B40} = {37B3EE22-9F97-4683-92D3-6EE917F93B40}
		{408EF4A9-8BD7-4E46-AAF5-60B87A9EE51D} = {408EF4A9-8BD7-4E46-AAF5-60B87A9EE51D}
	EndProjectSection
EndProject
Global
	GlobalSection(SolutionConfiguration) = preSolution
		Debug = Debug
		Insure = Insure
		Release = Release
	EndGlobalSection
	GlobalSection(ProjectConfiguration) = postSolution
		{37B3EE22-9F97-4683-92D3-6EE917F93B40}.Debug.ActiveCfg = Debug|Win32
		{37B3EE22-9F97-4683-92D3-6EE917F93B40}.Debug.Build.0 = Debug|Win32
		{37B3EE22-9F97-4683-92D3-6EE917F93B40}.Insure.ActiveCfg = Insure|Win32
		{37B3EE22-9F97-4683-92D3-6EE917F93B40}.Insure.Build.0 = Insure|Win32
		{37B3EE22-9F97-4683-92D3-6EE917F93B40}.Release.ActiveCfg = Release|Win32
		{37B3EE22-9F97-4683-92D3-6EE917F93B40}.Release.Build.0 = Release|Win32
		{408EF4A9-8BD7-4E46-AAF5-60B87A9EE51D}.Debug.ActiveCfg = Debug|Win32
		{408EF4A9-8BD7-4E46-AAF5-60B87A9EE51D}.Debug.Build.0 = Debug|Win32
		{408EF4A9-8BD7-4E46-AAF5-60B87A9EE51D}.Insure.ActiveCfg = Insure|Win32
		{408EF4A9-8BD7-4E46-AAF5-60B87A9EE51D}.Insure.Build.0 = Insure|Win32
		{408EF4A9-8BD7-4E46-AAF5-60B87A9EE51D}.Release.ActiveCfg = Release|Win32
		{408EF4A9-8BD7-4E46-AAF5-60B87A9EE51D}.Release.Build.0 = Release|Win32
		{53F86087-1B36-4029-8430-4C3BAD5F28AC}.Debug.ActiveCfg = Debug|Win32
		{53F86087-1B36-4029-8430-4C3BAD5F28AC}.Insure.ActiveCfg = Release|Win32
		{53F86087-1B36-4029-8430-4C3BAD5F28AC}.Insure.Build.0 = Release|Win32
		{53F86087-1B36-4029-8430-4C3BAD5F28AC}.Release.ActiveCfg = Release|Win32
		{D56B57AB-D5BB-44D0-AD23-E3C25D855AA5}.Debug.ActiveCfg = Debug|Win32
		{D56B57AB-D5BB-44D0-AD23-E3C25D855AA5}.Insure.ActiveCfg = Insure|Win32
		{D56B57AB-D5BB-44D0-AD23-E3C25D855AA5}.Insure.Build.0 = Insure|Win32
		{D56B57AB-D5BB-44D0-AD23-E3C25D855AA5}.Release.ActiveCfg = Release|Win32
		{D56B57AB-D5BB-44D0-AD23-E3C25D855AA5}.Release.Build.0 = Release|Win32
		{0B8EC44B-6D2A-4863-A5E8-871FB7D71319}.Debug.ActiveCfg = Debug|Win32
		{0B8EC44B-6D2A-4863-A5E8-871FB7D71319}.Debug.Build.0 = Debug|Win32
		{0B8EC44B-6D2A-4863-A5E8-871FB7D71319}.Insure.ActiveCfg = Release|Win32
		{0B8EC44B-6D2A-4863-A5E8-871FB7D71319}.Insure.Build.0 = Release|Win32
		{0B8EC44B-6D2A-4863-A5E8-871FB7D71319}.Release.ActiveCfg = Release|Win32
	EndGlobalSection
	GlobalSection(ExtensibilityGlobals) = postSolution
	EndGlobalSection
	GlobalSection(ExtensibilityAddIns) = postSolution
	EndGlobalSection
EndGlobal
