Microsoft Visual Studio Solution File, Format Version 10.00
# Visual Studio 2008
Project("{EAF909A5-FA59-4C3D-9431-0FCC20D5BCF9}") = "AffineTransformations", "AffineTransformations\AffineTransformations.icproj", "{4B4FAAD1-B9E3-4A5E-8F79-6DECB355BB32}"
EndProject
Project("{EAF909A5-FA59-4C3D-9431-0FCC20D5BCF9}") = "AffineTransformationsTest", "AffineTransformationsTest\AffineTransformationsTest.icproj", "{29E34A32-A54E-47AF-862C-478618766F7A}"
EndProject
Project("{EAF909A5-FA59-4C3D-9431-0FCC20D5BCF9}") = "GeoidModelTest", "GeoidModelTest\GeoidModelTest.icproj", "{1EB076D3-421C-4485-88C9-A8D0C53A3E59}"
EndProject
Project("{EAF909A5-FA59-4C3D-9431-0FCC20D5BCF9}") = "MathematicalConcepts", "MathematicalConcepts\MathematicalConcepts.icproj", "{AF0198EC-AC73-4ADA-ACCF-D0BE57B42017}"
EndProject
Project("{EAF909A5-FA59-4C3D-9431-0FCC20D5BCF9}") = "MathematicalConceptsTest", "MathematicalConceptsTest\MathematicalConceptsTest.icproj", "{8F57FFE4-EA00-47B4-88FC-2A60D4EF6086}"
EndProject
Project("{EAF909A5-FA59-4C3D-9431-0FCC20D5BCF9}") = "RefFrameTransformations", "RefFrameTransformations\RefFrameTransformations.icproj", "{03F56ADC-89E3-49E6-87ED-5F50D1DF5D9A}"
EndProject
Project("{EAF909A5-FA59-4C3D-9431-0FCC20D5BCF9}") = "RefFrameTransformationsTest", "RefFrameTransformationsTest\RefFrameTransformationsTest.icproj", "{C5968166-793C-49C2-9169-A89843CABDDF}"
EndProject
Project("{EAF909A5-FA59-4C3D-9431-0FCC20D5BCF9}") = "ReferenceSurfaces", "ReferenceSurfaces\ReferenceSurfaces.icproj", "{ABA990A1-AA65-4919-83C1-7EDDCFC3EB73}"
EndProject
Project("{EAF909A5-FA59-4C3D-9431-0FCC20D5BCF9}") = "ShortestPath", "ShortestPath\ShortestPath.icproj", "{B2F9F1F7-D3D6-4310-A243-1FBACB8CC01F}"
EndProject
Project("{EAF909A5-FA59-4C3D-9431-0FCC20D5BCF9}") = "ShortestPathTest", "ShortestPathTest\ShortestPathTest.icproj", "{B50E7041-8C67-4CAF-8257-60A3D24A8DBA}"
EndProject
Project("{EAF909A5-FA59-4C3D-9431-0FCC20D5BCF9}") = "SpatialObjTest", "SpatialObjTest\SpatialObjTest.icproj", "{CED6EF01-383C-418C-88C9-8A188C92917F}"
EndProject
Project("{EAF909A5-FA59-4C3D-9431-0FCC20D5BCF9}") = "SpatialObjectsDLL", "SpatialObjects\SpatialObjects.icproj", "{56F0440F-0D75-4631-8B1A-4DAAA6DAE4B3}"
	ProjectSection(ProjectDependencies) = postProject
		{3CA30F69-96C7-4135-9C6C-16925CD8B42C} = {3CA30F69-96C7-4135-9C6C-16925CD8B42C}
	EndProjectSection
EndProject
Project("{EAF909A5-FA59-4C3D-9431-0FCC20D5BCF9}") = "SpatialObjectsLibrary", "SpatialObjectsLibrary\SpatialObjectsLibrary.icproj", "{3CA30F69-96C7-4135-9C6C-16925CD8B42C}"
	ProjectSection(ProjectDependencies) = postProject
		{4B4FAAD1-B9E3-4A5E-8F79-6DECB355BB32} = {4B4FAAD1-B9E3-4A5E-8F79-6DECB355BB32}
		{70C340A1-6F25-4D1A-BD0D-872CC7AE9E69} = {70C340A1-6F25-4D1A-BD0D-872CC7AE9E69}
		{ABA990A1-AA65-4919-83C1-7EDDCFC3EB73} = {ABA990A1-AA65-4919-83C1-7EDDCFC3EB73}
		{AF0198EC-AC73-4ADA-ACCF-D0BE57B42017} = {AF0198EC-AC73-4ADA-ACCF-D0BE57B42017}
		{03F56ADC-89E3-49E6-87ED-5F50D1DF5D9A} = {03F56ADC-89E3-49E6-87ED-5F50D1DF5D9A}
		{4E436B72-DEA5-4BC1-906B-093600B2D19E} = {4E436B72-DEA5-4BC1-906B-093600B2D19E}
		{B2F9F1F7-D3D6-4310-A243-1FBACB8CC01F} = {B2F9F1F7-D3D6-4310-A243-1FBACB8CC01F}
	EndProjectSection
EndProject
Project("{EAF909A5-FA59-4C3D-9431-0FCC20D5BCF9}") = "SpatialObjs", "spatialobjs\SpatialObjs.icproj", "{70C340A1-6F25-4D1A-BD0D-872CC7AE9E69}"
EndProject
Project("{EAF909A5-FA59-4C3D-9431-0FCC20D5BCF9}") = "SpatialObjsTest", "spatialobjstest\SpatialObjsTest.icproj", "{094A4B53-7944-4EF9-8703-6AD2EF3FE909}"
EndProject
Project("{EAF909A5-FA59-4C3D-9431-0FCC20D5BCF9}") = "SpatialSystems", "SpatialSystems\SpatialSystems.icproj", "{4E436B72-DEA5-4BC1-906B-093600B2D19E}"
EndProject
Project("{EAF909A5-FA59-4C3D-9431-0FCC20D5BCF9}") = "SpatialSystemsTest", "SpatialSystemsTest\SpatialSystemsTest.icproj", "{C0EE143B-169A-4FAC-9987-42D2ABDAFB71}"
EndProject
Project("{EAF909A5-FA59-4C3D-9431-0FCC20D5BCF9}") = "SpatialObjectsDebugLib", "SpatialObjectsDebugLib\SpatialObjectsDebugLib.icproj", "{FFD90F50-6746-414D-AFB1-EEBBDA7135EC}"
	ProjectSection(ProjectDependencies) = postProject
		{4B4FAAD1-B9E3-4A5E-8F79-6DECB355BB32} = {4B4FAAD1-B9E3-4A5E-8F79-6DECB355BB32}
		{70C340A1-6F25-4D1A-BD0D-872CC7AE9E69} = {70C340A1-6F25-4D1A-BD0D-872CC7AE9E69}
		{ABA990A1-AA65-4919-83C1-7EDDCFC3EB73} = {ABA990A1-AA65-4919-83C1-7EDDCFC3EB73}
		{AF0198EC-AC73-4ADA-ACCF-D0BE57B42017} = {AF0198EC-AC73-4ADA-ACCF-D0BE57B42017}
		{03F56ADC-89E3-49E6-87ED-5F50D1DF5D9A} = {03F56ADC-89E3-49E6-87ED-5F50D1DF5D9A}
		{4E436B72-DEA5-4BC1-906B-093600B2D19E} = {4E436B72-DEA5-4BC1-906B-093600B2D19E}
		{B2F9F1F7-D3D6-4310-A243-1FBACB8CC01F} = {B2F9F1F7-D3D6-4310-A243-1FBACB8CC01F}
	EndProjectSection
EndProject
Global
	GlobalSection(SolutionConfigurationPlatforms) = preSolution
		Debug|Win32 = Debug|Win32
		Insure|Win32 = Insure|Win32
		Release|Win32 = Release|Win32
	EndGlobalSection
	GlobalSection(ProjectConfigurationPlatforms) = postSolution
		{4B4FAAD1-B9E3-4A5E-8F79-6DECB355BB32}.Debug|Win32.ActiveCfg = Debug|Win32
		{4B4FAAD1-B9E3-4A5E-8F79-6DECB355BB32}.Debug|Win32.Build.0 = Debug|Win32
		{4B4FAAD1-B9E3-4A5E-8F79-6DECB355BB32}.Insure|Win32.ActiveCfg = Insure|Win32
		{4B4FAAD1-B9E3-4A5E-8F79-6DECB355BB32}.Insure|Win32.Build.0 = Insure|Win32
		{4B4FAAD1-B9E3-4A5E-8F79-6DECB355BB32}.Release|Win32.ActiveCfg = Release|Win32
		{4B4FAAD1-B9E3-4A5E-8F79-6DECB355BB32}.Release|Win32.Build.0 = Release|Win32
		{29E34A32-A54E-47AF-862C-478618766F7A}.Debug|Win32.ActiveCfg = Debug|Win32
		{29E34A32-A54E-47AF-862C-478618766F7A}.Insure|Win32.ActiveCfg = Insure|Win32
		{29E34A32-A54E-47AF-862C-478618766F7A}.Insure|Win32.Build.0 = Insure|Win32
		{29E34A32-A54E-47AF-862C-478618766F7A}.Release|Win32.ActiveCfg = Release|Win32
		{1EB076D3-421C-4485-88C9-A8D0C53A3E59}.Debug|Win32.ActiveCfg = Debug|Win32
		{1EB076D3-421C-4485-88C9-A8D0C53A3E59}.Insure|Win32.ActiveCfg = Insure|Win32
		{1EB076D3-421C-4485-88C9-A8D0C53A3E59}.Insure|Win32.Build.0 = Insure|Win32
		{1EB076D3-421C-4485-88C9-A8D0C53A3E59}.Release|Win32.ActiveCfg = Release|Win32
		{AF0198EC-AC73-4ADA-ACCF-D0BE57B42017}.Debug|Win32.ActiveCfg = Debug|Win32
		{AF0198EC-AC73-4ADA-ACCF-D0BE57B42017}.Debug|Win32.Build.0 = Debug|Win32
		{AF0198EC-AC73-4ADA-ACCF-D0BE57B42017}.Insure|Win32.ActiveCfg = Insure|Win32
		{AF0198EC-AC73-4ADA-ACCF-D0BE57B42017}.Insure|Win32.Build.0 = Insure|Win32
		{AF0198EC-AC73-4ADA-ACCF-D0BE57B42017}.Release|Win32.ActiveCfg = Release|Win32
		{AF0198EC-AC73-4ADA-ACCF-D0BE57B42017}.Release|Win32.Build.0 = Release|Win32
		{8F57FFE4-EA00-47B4-88FC-2A60D4EF6086}.Debug|Win32.ActiveCfg = Debug|Win32
		{8F57FFE4-EA00-47B4-88FC-2A60D4EF6086}.Insure|Win32.ActiveCfg = Insure|Win32
		{8F57FFE4-EA00-47B4-88FC-2A60D4EF6086}.Insure|Win32.Build.0 = Insure|Win32
		{8F57FFE4-EA00-47B4-88FC-2A60D4EF6086}.Release|Win32.ActiveCfg = Release|Win32
		{03F56ADC-89E3-49E6-87ED-5F50D1DF5D9A}.Debug|Win32.ActiveCfg = Debug|Win32
		{03F56ADC-89E3-49E6-87ED-5F50D1DF5D9A}.Debug|Win32.Build.0 = Debug|Win32
		{03F56ADC-89E3-49E6-87ED-5F50D1DF5D9A}.Insure|Win32.ActiveCfg = Insure|Win32
		{03F56ADC-89E3-49E6-87ED-5F50D1DF5D9A}.Insure|Win32.Build.0 = Insure|Win32
		{03F56ADC-89E3-49E6-87ED-5F50D1DF5D9A}.Release|Win32.ActiveCfg = Release|Win32
		{03F56ADC-89E3-49E6-87ED-5F50D1DF5D9A}.Release|Win32.Build.0 = Release|Win32
		{C5968166-793C-49C2-9169-A89843CABDDF}.Debug|Win32.ActiveCfg = Debug|Win32
		{C5968166-793C-49C2-9169-A89843CABDDF}.Insure|Win32.ActiveCfg = Insure|Win32
		{C5968166-793C-49C2-9169-A89843CABDDF}.Insure|Win32.Build.0 = Insure|Win32
		{C5968166-793C-49C2-9169-A89843CABDDF}.Release|Win32.ActiveCfg = Release|Win32
		{ABA990A1-AA65-4919-83C1-7EDDCFC3EB73}.Debug|Win32.ActiveCfg = Debug|Win32
		{ABA990A1-AA65-4919-83C1-7EDDCFC3EB73}.Debug|Win32.Build.0 = Debug|Win32
		{ABA990A1-AA65-4919-83C1-7EDDCFC3EB73}.Insure|Win32.ActiveCfg = Insure|Win32
		{ABA990A1-AA65-4919-83C1-7EDDCFC3EB73}.Insure|Win32.Build.0 = Insure|Win32
		{ABA990A1-AA65-4919-83C1-7EDDCFC3EB73}.Release|Win32.ActiveCfg = Release|Win32
		{ABA990A1-AA65-4919-83C1-7EDDCFC3EB73}.Release|Win32.Build.0 = Release|Win32
		{B2F9F1F7-D3D6-4310-A243-1FBACB8CC01F}.Debug|Win32.ActiveCfg = Debug|Win32
		{B2F9F1F7-D3D6-4310-A243-1FBACB8CC01F}.Debug|Win32.Build.0 = Debug|Win32
		{B2F9F1F7-D3D6-4310-A243-1FBACB8CC01F}.Insure|Win32.ActiveCfg = Insure|Win32
		{B2F9F1F7-D3D6-4310-A243-1FBACB8CC01F}.Insure|Win32.Build.0 = Insure|Win32
		{B2F9F1F7-D3D6-4310-A243-1FBACB8CC01F}.Release|Win32.ActiveCfg = Release|Win32
		{B2F9F1F7-D3D6-4310-A243-1FBACB8CC01F}.Release|Win32.Build.0 = Release|Win32
		{B50E7041-8C67-4CAF-8257-60A3D24A8DBA}.Debug|Win32.ActiveCfg = Debug|Win32
		{B50E7041-8C67-4CAF-8257-60A3D24A8DBA}.Insure|Win32.ActiveCfg = Insure|Win32
		{B50E7041-8C67-4CAF-8257-60A3D24A8DBA}.Insure|Win32.Build.0 = Insure|Win32
		{B50E7041-8C67-4CAF-8257-60A3D24A8DBA}.Release|Win32.ActiveCfg = Release|Win32
		{CED6EF01-383C-418C-88C9-8A188C92917F}.Debug|Win32.ActiveCfg = Debug|Win32
		{CED6EF01-383C-418C-88C9-8A188C92917F}.Insure|Win32.ActiveCfg = Insure|Win32
		{CED6EF01-383C-418C-88C9-8A188C92917F}.Insure|Win32.Build.0 = Insure|Win32
		{CED6EF01-383C-418C-88C9-8A188C92917F}.Release|Win32.ActiveCfg = Release|Win32
		{56F0440F-0D75-4631-8B1A-4DAAA6DAE4B3}.Debug|Win32.ActiveCfg = Debug|Win32
		{56F0440F-0D75-4631-8B1A-4DAAA6DAE4B3}.Insure|Win32.ActiveCfg = Insure|Win32
		{56F0440F-0D75-4631-8B1A-4DAAA6DAE4B3}.Insure|Win32.Build.0 = Insure|Win32
		{56F0440F-0D75-4631-8B1A-4DAAA6DAE4B3}.Release|Win32.ActiveCfg = Release|Win32
		{3CA30F69-96C7-4135-9C6C-16925CD8B42C}.Debug|Win32.ActiveCfg = Debug|Win32
		{3CA30F69-96C7-4135-9C6C-16925CD8B42C}.Insure|Win32.ActiveCfg = Insure|Win32
		{3CA30F69-96C7-4135-9C6C-16925CD8B42C}.Insure|Win32.Build.0 = Insure|Win32
		{3CA30F69-96C7-4135-9C6C-16925CD8B42C}.Release|Win32.ActiveCfg = Release|Win32
		{3CA30F69-96C7-4135-9C6C-16925CD8B42C}.Release|Win32.Build.0 = Release|Win32
		{70C340A1-6F25-4D1A-BD0D-872CC7AE9E69}.Debug|Win32.ActiveCfg = Debug|Win32
		{70C340A1-6F25-4D1A-BD0D-872CC7AE9E69}.Debug|Win32.Build.0 = Debug|Win32
		{70C340A1-6F25-4D1A-BD0D-872CC7AE9E69}.Insure|Win32.ActiveCfg = Insure|Win32
		{70C340A1-6F25-4D1A-BD0D-872CC7AE9E69}.Insure|Win32.Build.0 = Insure|Win32
		{70C340A1-6F25-4D1A-BD0D-872CC7AE9E69}.Release|Win32.ActiveCfg = Release|Win32
		{70C340A1-6F25-4D1A-BD0D-872CC7AE9E69}.Release|Win32.Build.0 = Release|Win32
		{094A4B53-7944-4EF9-8703-6AD2EF3FE909}.Debug|Win32.ActiveCfg = Debug|Win32
		{094A4B53-7944-4EF9-8703-6AD2EF3FE909}.Insure|Win32.ActiveCfg = Insure|Win32
		{094A4B53-7944-4EF9-8703-6AD2EF3FE909}.Insure|Win32.Build.0 = Insure|Win32
		{094A4B53-7944-4EF9-8703-6AD2EF3FE909}.Release|Win32.ActiveCfg = Release|Win32
		{4E436B72-DEA5-4BC1-906B-093600B2D19E}.Debug|Win32.ActiveCfg = Debug|Win32
		{4E436B72-DEA5-4BC1-906B-093600B2D19E}.Debug|Win32.Build.0 = Debug|Win32
		{4E436B72-DEA5-4BC1-906B-093600B2D19E}.Insure|Win32.ActiveCfg = Insure|Win32
		{4E436B72-DEA5-4BC1-906B-093600B2D19E}.Insure|Win32.Build.0 = Insure|Win32
		{4E436B72-DEA5-4BC1-906B-093600B2D19E}.Release|Win32.ActiveCfg = Release|Win32
		{4E436B72-DEA5-4BC1-906B-093600B2D19E}.Release|Win32.Build.0 = Release|Win32
		{C0EE143B-169A-4FAC-9987-42D2ABDAFB71}.Debug|Win32.ActiveCfg = Debug|Win32
		{C0EE143B-169A-4FAC-9987-42D2ABDAFB71}.Insure|Win32.ActiveCfg = Insure|Win32
		{C0EE143B-169A-4FAC-9987-42D2ABDAFB71}.Insure|Win32.Build.0 = Insure|Win32
		{C0EE143B-169A-4FAC-9987-42D2ABDAFB71}.Release|Win32.ActiveCfg = Release|Win32
		{FFD90F50-6746-414D-AFB1-EEBBDA7135EC}.Debug|Win32.ActiveCfg = Debug|Win32
		{FFD90F50-6746-414D-AFB1-EEBBDA7135EC}.Debug|Win32.Build.0 = Debug|Win32
		{FFD90F50-6746-414D-AFB1-EEBBDA7135EC}.Insure|Win32.ActiveCfg = Release|Win32
		{FFD90F50-6746-414D-AFB1-EEBBDA7135EC}.Insure|Win32.Build.0 = Release|Win32
		{FFD90F50-6746-414D-AFB1-EEBBDA7135EC}.Release|Win32.ActiveCfg = Release|Win32
		{AB8B1503-FF87-4FB9-9DBD-7E74961B8E6C}.Release|Win32.Build.0 = Release|Win32
		{AB8B1503-FF87-4FB9-9DBD-7E74961B8E6C}.Release|Win32.ActiveCfg = Release|Win32
		{AB8B1503-FF87-4FB9-9DBD-7E74961B8E6C}.Insure|Win32.Build.0 = Insure|Win32
		{AB8B1503-FF87-4FB9-9DBD-7E74961B8E6C}.Insure|Win32.ActiveCfg = Insure|Win32
		{AB8B1503-FF87-4FB9-9DBD-7E74961B8E6C}.Debug|Win32.Build.0 = Debug|Win32
		{AB8B1503-FF87-4FB9-9DBD-7E74961B8E6C}.Debug|Win32.ActiveCfg = Debug|Win32
		{F65A9027-1989-4265-8213-08F71D61962A}.Release|Win32.ActiveCfg = Release|Win32
		{F65A9027-1989-4265-8213-08F71D61962A}.Insure|Win32.Build.0 = Insure|Win32
		{F65A9027-1989-4265-8213-08F71D61962A}.Insure|Win32.ActiveCfg = Insure|Win32
		{F65A9027-1989-4265-8213-08F71D61962A}.Debug|Win32.ActiveCfg = Debug|Win32
		{E45BF506-89CD-48CF-B952-1CDBEC824D2C}.Release|Win32.ActiveCfg = Release|Win32
		{E45BF506-89CD-48CF-B952-1CDBEC824D2C}.Insure|Win32.Build.0 = Insure|Win32
		{E45BF506-89CD-48CF-B952-1CDBEC824D2C}.Insure|Win32.ActiveCfg = Insure|Win32
		{E45BF506-89CD-48CF-B952-1CDBEC824D2C}.Debug|Win32.ActiveCfg = Debug|Win32
		{5537517A-65EA-4F23-B73F-7AFF7D013C70}.Release|Win32.Build.0 = Release|Win32
		{5537517A-65EA-4F23-B73F-7AFF7D013C70}.Release|Win32.ActiveCfg = Release|Win32
		{5537517A-65EA-4F23-B73F-7AFF7D013C70}.Insure|Win32.Build.0 = Insure|Win32
		{5537517A-65EA-4F23-B73F-7AFF7D013C70}.Insure|Win32.ActiveCfg = Insure|Win32
		{5537517A-65EA-4F23-B73F-7AFF7D013C70}.Debug|Win32.Build.0 = Debug|Win32
		{5537517A-65EA-4F23-B73F-7AFF7D013C70}.Debug|Win32.ActiveCfg = Debug|Win32
		{84DD7CF7-35C9-415A-9FE5-E0AE85D46209}.Release|Win32.ActiveCfg = Release|Win32
		{84DD7CF7-35C9-415A-9FE5-E0AE85D46209}.Insure|Win32.Build.0 = Insure|Win32
		{84DD7CF7-35C9-415A-9FE5-E0AE85D46209}.Insure|Win32.ActiveCfg = Insure|Win32
		{84DD7CF7-35C9-415A-9FE5-E0AE85D46209}.Debug|Win32.ActiveCfg = Debug|Win32
		{457E9A8A-467B-4D11-A907-5861CBD679A8}.Release|Win32.Build.0 = Release|Win32
		{457E9A8A-467B-4D11-A907-5861CBD679A8}.Release|Win32.ActiveCfg = Release|Win32
		{457E9A8A-467B-4D11-A907-5861CBD679A8}.Insure|Win32.Build.0 = Insure|Win32
		{457E9A8A-467B-4D11-A907-5861CBD679A8}.Insure|Win32.ActiveCfg = Insure|Win32
		{457E9A8A-467B-4D11-A907-5861CBD679A8}.Debug|Win32.Build.0 = Debug|Win32
		{457E9A8A-467B-4D11-A907-5861CBD679A8}.Debug|Win32.ActiveCfg = Debug|Win32
		{111C84C4-E206-4FBA-A23F-A51C2E7A4108}.Release|Win32.ActiveCfg = Release|Win32
		{111C84C4-E206-4FBA-A23F-A51C2E7A4108}.Insure|Win32.Build.0 = Insure|Win32
		{111C84C4-E206-4FBA-A23F-A51C2E7A4108}.Insure|Win32.ActiveCfg = Insure|Win32
		{111C84C4-E206-4FBA-A23F-A51C2E7A4108}.Debug|Win32.ActiveCfg = Debug|Win32
		{B3C15E49-71B2-4F37-9391-C1C588F2DF29}.Release|Win32.Build.0 = Release|Win32
		{B3C15E49-71B2-4F37-9391-C1C588F2DF29}.Release|Win32.ActiveCfg = Release|Win32
		{B3C15E49-71B2-4F37-9391-C1C588F2DF29}.Insure|Win32.Build.0 = Insure|Win32
		{B3C15E49-71B2-4F37-9391-C1C588F2DF29}.Insure|Win32.ActiveCfg = Insure|Win32
		{B3C15E49-71B2-4F37-9391-C1C588F2DF29}.Debug|Win32.Build.0 = Debug|Win32
		{B3C15E49-71B2-4F37-9391-C1C588F2DF29}.Debug|Win32.ActiveCfg = Debug|Win32
		{26409DC8-A054-46E4-AA81-5A5CB62374E0}.Release|Win32.Build.0 = Release|Win32
		{26409DC8-A054-46E4-AA81-5A5CB62374E0}.Release|Win32.ActiveCfg = Release|Win32
		{26409DC8-A054-46E4-AA81-5A5CB62374E0}.Insure|Win32.Build.0 = Insure|Win32
		{26409DC8-A054-46E4-AA81-5A5CB62374E0}.Insure|Win32.ActiveCfg = Insure|Win32
		{26409DC8-A054-46E4-AA81-5A5CB62374E0}.Debug|Win32.Build.0 = Debug|Win32
		{26409DC8-A054-46E4-AA81-5A5CB62374E0}.Debug|Win32.ActiveCfg = Debug|Win32
		{5EA3DED1-8D6E-48EB-9F31-593D4EA2E3DF}.Release|Win32.ActiveCfg = Release|Win32
		{5EA3DED1-8D6E-48EB-9F31-593D4EA2E3DF}.Insure|Win32.Build.0 = Insure|Win32
		{5EA3DED1-8D6E-48EB-9F31-593D4EA2E3DF}.Insure|Win32.ActiveCfg = Insure|Win32
		{5EA3DED1-8D6E-48EB-9F31-593D4EA2E3DF}.Debug|Win32.ActiveCfg = Debug|Win32
		{4D7156CF-B7EA-4CA0-8D25-44C6118B40A2}.Release|Win32.ActiveCfg = Release|Win32
		{4D7156CF-B7EA-4CA0-8D25-44C6118B40A2}.Insure|Win32.Build.0 = Insure|Win32
		{4D7156CF-B7EA-4CA0-8D25-44C6118B40A2}.Insure|Win32.ActiveCfg = Insure|Win32
		{4D7156CF-B7EA-4CA0-8D25-44C6118B40A2}.Debug|Win32.ActiveCfg = Debug|Win32
		{39D5E098-6F96-4A48-BBC3-1FC3DE49230C}.Release|Win32.ActiveCfg = Release|Win32
		{39D5E098-6F96-4A48-BBC3-1FC3DE49230C}.Insure|Win32.Build.0 = Insure|Win32
		{39D5E098-6F96-4A48-BBC3-1FC3DE49230C}.Insure|Win32.ActiveCfg = Insure|Win32
		{39D5E098-6F96-4A48-BBC3-1FC3DE49230C}.Debug|Win32.ActiveCfg = Debug|Win32
		{A6BA25C2-D976-403E-BEDF-CBB51266A987}.Release|Win32.Build.0 = Release|Win32
		{A6BA25C2-D976-403E-BEDF-CBB51266A987}.Release|Win32.ActiveCfg = Release|Win32
		{A6BA25C2-D976-403E-BEDF-CBB51266A987}.Insure|Win32.Build.0 = Insure|Win32
		{A6BA25C2-D976-403E-BEDF-CBB51266A987}.Insure|Win32.ActiveCfg = Insure|Win32
		{A6BA25C2-D976-403E-BEDF-CBB51266A987}.Debug|Win32.ActiveCfg = Debug|Win32
		{67AB0724-79E5-4522-B9F5-C1583F7E0844}.Release|Win32.Build.0 = Release|Win32
		{67AB0724-79E5-4522-B9F5-C1583F7E0844}.Release|Win32.ActiveCfg = Release|Win32
		{67AB0724-79E5-4522-B9F5-C1583F7E0844}.Insure|Win32.Build.0 = Insure|Win32
		{67AB0724-79E5-4522-B9F5-C1583F7E0844}.Insure|Win32.ActiveCfg = Insure|Win32
		{67AB0724-79E5-4522-B9F5-C1583F7E0844}.Debug|Win32.Build.0 = Debug|Win32
		{67AB0724-79E5-4522-B9F5-C1583F7E0844}.Debug|Win32.ActiveCfg = Debug|Win32
		{504F052E-F1C4-4F3D-8EF5-C69550F0973F}.Release|Win32.ActiveCfg = Release|Win32
		{504F052E-F1C4-4F3D-8EF5-C69550F0973F}.Insure|Win32.Build.0 = Insure|Win32
		{504F052E-F1C4-4F3D-8EF5-C69550F0973F}.Insure|Win32.ActiveCfg = Insure|Win32
		{504F052E-F1C4-4F3D-8EF5-C69550F0973F}.Debug|Win32.ActiveCfg = Debug|Win32
		{32F771AC-DF41-462D-A26B-62DDEFFFA0D3}.Release|Win32.Build.0 = Release|Win32
		{32F771AC-DF41-462D-A26B-62DDEFFFA0D3}.Release|Win32.ActiveCfg = Release|Win32
		{32F771AC-DF41-462D-A26B-62DDEFFFA0D3}.Insure|Win32.Build.0 = Insure|Win32
		{32F771AC-DF41-462D-A26B-62DDEFFFA0D3}.Insure|Win32.ActiveCfg = Insure|Win32
		{32F771AC-DF41-462D-A26B-62DDEFFFA0D3}.Debug|Win32.Build.0 = Debug|Win32
		{32F771AC-DF41-462D-A26B-62DDEFFFA0D3}.Debug|Win32.ActiveCfg = Debug|Win32
		{77E79AEB-1EBB-4B0A-8C12-78A437439606}.Release|Win32.ActiveCfg = Release|Win32
		{77E79AEB-1EBB-4B0A-8C12-78A437439606}.Insure|Win32.Build.0 = Insure|Win32
		{77E79AEB-1EBB-4B0A-8C12-78A437439606}.Insure|Win32.ActiveCfg = Insure|Win32
		{77E79AEB-1EBB-4B0A-8C12-78A437439606}.Debug|Win32.ActiveCfg = Debug|Win32
		{319C56C2-D62D-4B5E-B611-0C1ECCFA7A97}.Release|Win32.ActiveCfg = Release|Win32
		{319C56C2-D62D-4B5E-B611-0C1ECCFA7A97}.Insure|Win32.Build.0 = Release|Win32
		{319C56C2-D62D-4B5E-B611-0C1ECCFA7A97}.Insure|Win32.ActiveCfg = Release|Win32
		{319C56C2-D62D-4B5E-B611-0C1ECCFA7A97}.Debug|Win32.Build.0 = Debug|Win32
		{319C56C2-D62D-4B5E-B611-0C1ECCFA7A97}.Debug|Win32.ActiveCfg = Debug|Win32
	EndGlobalSection
	GlobalSection(SolutionProperties) = preSolution
		HideSolutionNode = FALSE
	EndGlobalSection
EndGlobal
