Microsoft Visual Studio Solution File, Format Version 8.00
Project("{8BC9CEB8-8B4A-11D0-8D11-00A0C91BC942}") = "SpatialObjectsLibrary", "SpatialObjectsLibrary.vcproj", "{A4585758-9295-42FB-8B02-73767B071FEF}"
	ProjectSection(ProjectDependencies) = postProject
	EndProjectSection
EndProject
Global
	GlobalSection(SolutionConfiguration) = preSolution
		Debug = Debug
		Insure = Insure
		Release = Release
	EndGlobalSection
	GlobalSection(ProjectConfiguration) = postSolution
		{A4585758-9295-42FB-8B02-73767B071FEF}.Debug.ActiveCfg = Debug|Win32
		{A4585758-9295-42FB-8B02-73767B071FEF}.Debug.Build.0 = Debug|Win32
		{A4585758-9295-42FB-8B02-73767B071FEF}.Insure.ActiveCfg = Insure|Win32
		{A4585758-9295-42FB-8B02-73767B071FEF}.Insure.Build.0 = Insure|Win32
		{A4585758-9295-42FB-8B02-73767B071FEF}.Release.ActiveCfg = Release|Win32
		{A4585758-9295-42FB-8B02-73767B071FEF}.Release.Build.0 = Release|Win32
	EndGlobalSection
	GlobalSection(ExtensibilityGlobals) = postSolution
	EndGlobalSection
	GlobalSection(ExtensibilityAddIns) = postSolution
	EndGlobalSection
EndGlobal
